// !$*UTF8*$!
{
	archiveVersion = 1;
	classes = {
	};
	objectVersion = 48;
	objects = {

/* Begin PBXBuildFile section */
		157179D61FE20E8200C5A167 /* resource in Resources */ = {isa = PBXBuildFile; fileRef = 157179D51FE20E8200C5A167 /* resource */; };
		157179DB1FE2135C00C5A167 /* logo.png in Resources */ = {isa = PBXBuildFile; fileRef = 157179DA1FE2135C00C5A167 /* logo.png */; };
		157179DE1FE2155700C5A167 /* account.png in Resources */ = {isa = PBXBuildFile; fileRef = 157179DC1FE2155600C5A167 /* account.png */; };
		157179DF1FE2155700C5A167 /* password.png in Resources */ = {isa = PBXBuildFile; fileRef = 157179DD1FE2155600C5A167 /* password.png */; };
		15A071381FE2097E003DE1E0 /* AppDelegate.swift in Sources */ = {isa = PBXBuildFile; fileRef = 15A071371FE2097E003DE1E0 /* AppDelegate.swift */; };
		15A0713A1FE2097E003DE1E0 /* ViewController.swift in Sources */ = {isa = PBXBuildFile; fileRef = 15A071391FE2097E003DE1E0 /* ViewController.swift */; };
		15A0713D1FE2097E003DE1E0 /* Main.storyboard in Resources */ = {isa = PBXBuildFile; fileRef = 15A0713B1FE2097E003DE1E0 /* Main.storyboard */; };
		15A071401FE2097E003DE1E0 /* YumQuest.xcdatamodeld in Sources */ = {isa = PBXBuildFile; fileRef = 15A0713E1FE2097E003DE1E0 /* YumQuest.xcdatamodeld */; };
		15A071421FE2097E003DE1E0 /* Assets.xcassets in Resources */ = {isa = PBXBuildFile; fileRef = 15A071411FE2097E003DE1E0 /* Assets.xcassets */; };
		15A071451FE2097E003DE1E0 /* LaunchScreen.storyboard in Resources */ = {isa = PBXBuildFile; fileRef = 15A071431FE2097E003DE1E0 /* LaunchScreen.storyboard */; };
		15A071501FE2097E003DE1E0 /* YumQuestTests.swift in Sources */ = {isa = PBXBuildFile; fileRef = 15A0714F1FE2097E003DE1E0 /* YumQuestTests.swift */; };
		15A0715B1FE2097E003DE1E0 /* YumQuestUITests.swift in Sources */ = {isa = PBXBuildFile; fileRef = 15A0715A1FE2097E003DE1E0 /* YumQuestUITests.swift */; };
/* End PBXBuildFile section */

/* Begin PBXContainerItemProxy section */
		15A0714C1FE2097E003DE1E0 /* PBXContainerItemProxy */ = {
			isa = PBXContainerItemProxy;
			containerPortal = 15A0712C1FE2097E003DE1E0 /* Project object */;
			proxyType = 1;
			remoteGlobalIDString = 15A071331FE2097E003DE1E0;
			remoteInfo = YumQuest;
		};
		15A071571FE2097E003DE1E0 /* PBXContainerItemProxy */ = {
			isa = PBXContainerItemProxy;
			containerPortal = 15A0712C1FE2097E003DE1E0 /* Project object */;
			proxyType = 1;
			remoteGlobalIDString = 15A071331FE2097E003DE1E0;
			remoteInfo = YumQuest;
		};
/* End PBXContainerItemProxy section */

/* Begin PBXFileReference section */
		157179D51FE20E8200C5A167 /* resource */ = {isa = PBXFileReference; lastKnownFileType = folder; path = resource; sourceTree = "<group>"; };
		157179DA1FE2135C00C5A167 /* logo.png */ = {isa = PBXFileReference; lastKnownFileType = image.png; path = logo.png; sourceTree = "<group>"; };
		157179DC1FE2155600C5A167 /* account.png */ = {isa = PBXFileReference; lastKnownFileType = image.png; path = account.png; sourceTree = "<group>"; };
		157179DD1FE2155600C5A167 /* password.png */ = {isa = PBXFileReference; lastKnownFileType = image.png; path = password.png; sourceTree = "<group>"; };
		15A071341FE2097E003DE1E0 /* YumQuest.app */ = {isa = PBXFileReference; explicitFileType = wrapper.application; includeInIndex = 0; path = YumQuest.app; sourceTree = BUILT_PRODUCTS_DIR; };
		15A071371FE2097E003DE1E0 /* AppDelegate.swift */ = {isa = PBXFileReference; lastKnownFileType = sourcecode.swift; path = AppDelegate.swift; sourceTree = "<group>"; };
		15A071391FE2097E003DE1E0 /* ViewController.swift */ = {isa = PBXFileReference; lastKnownFileType = sourcecode.swift; path = ViewController.swift; sourceTree = "<group>"; };
		15A0713C1FE2097E003DE1E0 /* Base */ = {isa = PBXFileReference; lastKnownFileType = file.storyboard; name = Base; path = Base.lproj/Main.storyboard; sourceTree = "<group>"; };
		15A0713F1FE2097E003DE1E0 /* YumQuest.xcdatamodel */ = {isa = PBXFileReference; lastKnownFileType = wrapper.xcdatamodel; path = YumQuest.xcdatamodel; sourceTree = "<group>"; };
		15A071411FE2097E003DE1E0 /* Assets.xcassets */ = {isa = PBXFileReference; lastKnownFileType = folder.assetcatalog; path = Assets.xcassets; sourceTree = "<group>"; };
		15A071441FE2097E003DE1E0 /* Base */ = {isa = PBXFileReference; lastKnownFileType = file.storyboard; name = Base; path = Base.lproj/LaunchScreen.storyboard; sourceTree = "<group>"; };
		15A071461FE2097E003DE1E0 /* Info.plist */ = {isa = PBXFileReference; lastKnownFileType = text.plist.xml; path = Info.plist; sourceTree = "<group>"; };
		15A0714B1FE2097E003DE1E0 /* YumQuestTests.xctest */ = {isa = PBXFileReference; explicitFileType = wrapper.cfbundle; includeInIndex = 0; path = YumQuestTests.xctest; sourceTree = BUILT_PRODUCTS_DIR; };
		15A0714F1FE2097E003DE1E0 /* YumQuestTests.swift */ = {isa = PBXFileReference; lastKnownFileType = sourcecode.swift; path = YumQuestTests.swift; sourceTree = "<group>"; };
		15A071511FE2097E003DE1E0 /* Info.plist */ = {isa = PBXFileReference; lastKnownFileType = text.plist.xml; path = Info.plist; sourceTree = "<group>"; };
		15A071561FE2097E003DE1E0 /* YumQuestUITests.xctest */ = {isa = PBXFileReference; explicitFileType = wrapper.cfbundle; includeInIndex = 0; path = YumQuestUITests.xctest; sourceTree = BUILT_PRODUCTS_DIR; };
		15A0715A1FE2097E003DE1E0 /* YumQuestUITests.swift */ = {isa = PBXFileReference; lastKnownFileType = sourcecode.swift; path = YumQuestUITests.swift; sourceTree = "<group>"; };
		15A0715C1FE2097E003DE1E0 /* Info.plist */ = {isa = PBXFileReference; lastKnownFileType = text.plist.xml; path = Info.plist; sourceTree = "<group>"; };
/* End PBXFileReference section */

/* Begin PBXFrameworksBuildPhase section */
		15A071311FE2097E003DE1E0 /* Frameworks */ = {
			isa = PBXFrameworksBuildPhase;
			buildActionMask = 2147483647;
			files = (
			);
			runOnlyForDeploymentPostprocessing = 0;
		};
		15A071481FE2097E003DE1E0 /* Frameworks */ = {
			isa = PBXFrameworksBuildPhase;
			buildActionMask = 2147483647;
			files = (
			);
			runOnlyForDeploymentPostprocessing = 0;
		};
		15A071531FE2097E003DE1E0 /* Frameworks */ = {
			isa = PBXFrameworksBuildPhase;
			buildActionMask = 2147483647;
			files = (
			);
			runOnlyForDeploymentPostprocessing = 0;
		};
/* End PBXFrameworksBuildPhase section */

/* Begin PBXGroup section */
		157179D71FE211E800C5A167 /* Pictures */ = {
			isa = PBXGroup;
			children = (
				157179DD1FE2155600C5A167 /* password.png */,
				157179DC1FE2155600C5A167 /* account.png */,
				157179DA1FE2135C00C5A167 /* logo.png */,
			);
			path = Pictures;
			sourceTree = "<group>";
		};
		15A0712B1FE2097E003DE1E0 = {
			isa = PBXGroup;
			children = (
				15A071361FE2097E003DE1E0 /* YumQuest */,
				15A0714E1FE2097E003DE1E0 /* YumQuestTests */,
				15A071591FE2097E003DE1E0 /* YumQuestUITests */,
				15A071351FE2097E003DE1E0 /* Products */,
			);
			sourceTree = "<group>";
		};
		15A071351FE2097E003DE1E0 /* Products */ = {
			isa = PBXGroup;
			children = (
				15A071341FE2097E003DE1E0 /* YumQuest.app */,
				15A0714B1FE2097E003DE1E0 /* YumQuestTests.xctest */,
				15A071561FE2097E003DE1E0 /* YumQuestUITests.xctest */,
			);
			name = Products;
			sourceTree = "<group>";
		};
		15A071361FE2097E003DE1E0 /* YumQuest */ = {
			isa = PBXGroup;
			children = (
				157179D71FE211E800C5A167 /* Pictures */,
				15A071371FE2097E003DE1E0 /* AppDelegate.swift */,
				15A071391FE2097E003DE1E0 /* ViewController.swift */,
				15A0713B1FE2097E003DE1E0 /* Main.storyboard */,
				157179D51FE20E8200C5A167 /* resource */,
				15A071411FE2097E003DE1E0 /* Assets.xcassets */,
				15A071431FE2097E003DE1E0 /* LaunchScreen.storyboard */,
				15A071461FE2097E003DE1E0 /* Info.plist */,
				15A0713E1FE2097E003DE1E0 /* YumQuest.xcdatamodeld */,
			);
			path = YumQuest;
			sourceTree = "<group>";
		};
		15A0714E1FE2097E003DE1E0 /* YumQuestTests */ = {
			isa = PBXGroup;
			children = (
				15A0714F1FE2097E003DE1E0 /* YumQuestTests.swift */,
				15A071511FE2097E003DE1E0 /* Info.plist */,
			);
			path = YumQuestTests;
			sourceTree = "<group>";
		};
		15A071591FE2097E003DE1E0 /* YumQuestUITests */ = {
			isa = PBXGroup;
			children = (
				15A0715A1FE2097E003DE1E0 /* YumQuestUITests.swift */,
				15A0715C1FE2097E003DE1E0 /* Info.plist */,
			);
			path = YumQuestUITests;
			sourceTree = "<group>";
		};
/* End PBXGroup section */

/* Begin PBXNativeTarget section */
		15A071331FE2097E003DE1E0 /* YumQuest */ = {
			isa = PBXNativeTarget;
			buildConfigurationList = 15A0715F1FE2097E003DE1E0 /* Build configuration list for PBXNativeTarget "YumQuest" */;
			buildPhases = (
				15A071301FE2097E003DE1E0 /* Sources */,
				15A071311FE2097E003DE1E0 /* Frameworks */,
				15A071321FE2097E003DE1E0 /* Resources */,
			);
			buildRules = (
			);
			dependencies = (
			);
			name = YumQuest;
			productName = YumQuest;
			productReference = 15A071341FE2097E003DE1E0 /* YumQuest.app */;
			productType = "com.apple.product-type.application";
		};
		15A0714A1FE2097E003DE1E0 /* YumQuestTests */ = {
			isa = PBXNativeTarget;
			buildConfigurationList = 15A071621FE2097E003DE1E0 /* Build configuration list for PBXNativeTarget "YumQuestTests" */;
			buildPhases = (
				15A071471FE2097E003DE1E0 /* Sources */,
				15A071481FE2097E003DE1E0 /* Frameworks */,
				15A071491FE2097E003DE1E0 /* Resources */,
			);
			buildRules = (
			);
			dependencies = (
				15A0714D1FE2097E003DE1E0 /* PBXTargetDependency */,
			);
			name = YumQuestTests;
			productName = YumQuestTests;
			productReference = 15A0714B1FE2097E003DE1E0 /* YumQuestTests.xctest */;
			productType = "com.apple.product-type.bundle.unit-test";
		};
		15A071551FE2097E003DE1E0 /* YumQuestUITests */ = {
			isa = PBXNativeTarget;
			buildConfigurationList = 15A071651FE2097E003DE1E0 /* Build configuration list for PBXNativeTarget "YumQuestUITests" */;
			buildPhases = (
				15A071521FE2097E003DE1E0 /* Sources */,
				15A071531FE2097E003DE1E0 /* Frameworks */,
				15A071541FE2097E003DE1E0 /* Resources */,
			);
			buildRules = (
			);
			dependencies = (
				15A071581FE2097E003DE1E0 /* PBXTargetDependency */,
			);
			name = YumQuestUITests;
			productName = YumQuestUITests;
			productReference = 15A071561FE2097E003DE1E0 /* YumQuestUITests.xctest */;
			productType = "com.apple.product-type.bundle.ui-testing";
		};
/* End PBXNativeTarget section */

/* Begin PBXProject section */
		15A0712C1FE2097E003DE1E0 /* Project object */ = {
			isa = PBXProject;
			attributes = {
				LastSwiftUpdateCheck = 0920;
				LastUpgradeCheck = 0920;
				ORGANIZATIONNAME = AnandBatjargal;
				TargetAttributes = {
					15A071331FE2097E003DE1E0 = {
						CreatedOnToolsVersion = 9.2;
						ProvisioningStyle = Automatic;
					};
					15A0714A1FE2097E003DE1E0 = {
						CreatedOnToolsVersion = 9.2;
						ProvisioningStyle = Automatic;
						TestTargetID = 15A071331FE2097E003DE1E0;
					};
					15A071551FE2097E003DE1E0 = {
						CreatedOnToolsVersion = 9.2;
						ProvisioningStyle = Automatic;
						TestTargetID = 15A071331FE2097E003DE1E0;
					};
				};
			};
			buildConfigurationList = 15A0712F1FE2097E003DE1E0 /* Build configuration list for PBXProject "YumQuest" */;
			compatibilityVersion = "Xcode 8.0";
			developmentRegion = en;
			hasScannedForEncodings = 0;
			knownRegions = (
				en,
				Base,
			);
			mainGroup = 15A0712B1FE2097E003DE1E0;
			productRefGroup = 15A071351FE2097E003DE1E0 /* Products */;
			projectDirPath = "";
			projectRoot = "";
			targets = (
				15A071331FE2097E003DE1E0 /* YumQuest */,
				15A0714A1FE2097E003DE1E0 /* YumQuestTests */,
				15A071551FE2097E003DE1E0 /* YumQuestUITests */,
			);
		};
/* End PBXProject section */

/* Begin PBXResourcesBuildPhase section */
		15A071321FE2097E003DE1E0 /* Resources */ = {
			isa = PBXResourcesBuildPhase;
			buildActionMask = 2147483647;
			files = (
				157179D61FE20E8200C5A167 /* resource in Resources */,
				157179DB1FE2135C00C5A167 /* logo.png in Resources */,
				15A071451FE2097E003DE1E0 /* LaunchScreen.storyboard in Resources */,
				157179DE1FE2155700C5A167 /* account.png in Resources */,
				157179DF1FE2155700C5A167 /* password.png in Resources */,
				15A071421FE2097E003DE1E0 /* Assets.xcassets in Resources */,
				15A0713D1FE2097E003DE1E0 /* Main.storyboard in Resources */,
			);
			runOnlyForDeploymentPostprocessing = 0;
		};
		15A071491FE2097E003DE1E0 /* Resources */ = {
			isa = PBXResourcesBuildPhase;
			buildActionMask = 2147483647;
			files = (
			);
			runOnlyForDeploymentPostprocessing = 0;
		};
		15A071541FE2097E003DE1E0 /* Resources */ = {
			isa = PBXResourcesBuildPhase;
			buildActionMask = 2147483647;
			files = (
			);
			runOnlyForDeploymentPostprocessing = 0;
		};
/* End PBXResourcesBuildPhase section */

/* Begin PBXSourcesBuildPhase section */
		15A071301FE2097E003DE1E0 /* Sources */ = {
			isa = PBXSourcesBuildPhase;
			buildActionMask = 2147483647;
			files = (
				15A071401FE2097E003DE1E0 /* YumQuest.xcdatamodeld in Sources */,
				15A0713A1FE2097E003DE1E0 /* ViewController.swift in Sources */,
				15A071381FE2097E003DE1E0 /* AppDelegate.swift in Sources */,
			);
			runOnlyForDeploymentPostprocessing = 0;
		};
		15A071471FE2097E003DE1E0 /* Sources */ = {
			isa = PBXSourcesBuildPhase;
			buildActionMask = 2147483647;
			files = (
				15A071501FE2097E003DE1E0 /* YumQuestTests.swift in Sources */,
			);
			runOnlyForDeploymentPostprocessing = 0;
		};
		15A071521FE2097E003DE1E0 /* Sources */ = {
			isa = PBXSourcesBuildPhase;
			buildActionMask = 2147483647;
			files = (
				15A0715B1FE2097E003DE1E0 /* YumQuestUITests.swift in Sources */,
			);
			runOnlyForDeploymentPostprocessing = 0;
		};
/* End PBXSourcesBuildPhase section */

/* Begin PBXTargetDependency section */
		15A0714D1FE2097E003DE1E0 /* PBXTargetDependency */ = {
			isa = PBXTargetDependency;
			target = 15A071331FE2097E003DE1E0 /* YumQuest */;
			targetProxy = 15A0714C1FE2097E003DE1E0 /* PBXContainerItemProxy */;
		};
		15A071581FE2097E003DE1E0 /* PBXTargetDependency */ = {
			isa = PBXTargetDependency;
			target = 15A071331FE2097E003DE1E0 /* YumQuest */;
			targetProxy = 15A071571FE2097E003DE1E0 /* PBXContainerItemProxy */;
		};
/* End PBXTargetDependency section */

/* Begin PBXVariantGroup section */
		15A0713B1FE2097E003DE1E0 /* Main.storyboard */ = {
			isa = PBXVariantGroup;
			children = (
				15A0713C1FE2097E003DE1E0 /* Base */,
			);
			name = Main.storyboard;
			sourceTree = "<group>";
		};
		15A071431FE2097E003DE1E0 /* LaunchScreen.storyboard */ = {
			isa = PBXVariantGroup;
			children = (
				15A071441FE2097E003DE1E0 /* Base */,
			);
			name = LaunchScreen.storyboard;
			sourceTree = "<group>";
		};
/* End PBXVariantGroup section */

/* Begin XCBuildConfiguration section */
		15A0715D1FE2097E003DE1E0 /* Debug */ = {
			isa = XCBuildConfiguration;
			buildSettings = {
				ALWAYS_SEARCH_USER_PATHS = NO;
				CLANG_ANALYZER_NONNULL = YES;
				CLANG_ANALYZER_NUMBER_OBJECT_CONVERSION = YES_AGGRESSIVE;
				CLANG_CXX_LANGUAGE_STANDARD = "gnu++14";
				CLANG_CXX_LIBRARY = "libc++";
				CLANG_ENABLE_MODULES = YES;
				CLANG_ENABLE_OBJC_ARC = YES;
				CLANG_WARN_BLOCK_CAPTURE_AUTORELEASING = YES;
				CLANG_WARN_BOOL_CONVERSION = YES;
				CLANG_WARN_COMMA = YES;
				CLANG_WARN_CONSTANT_CONVERSION = YES;
				CLANG_WARN_DIRECT_OBJC_ISA_USAGE = YES_ERROR;
				CLANG_WARN_DOCUMENTATION_COMMENTS = YES;
				CLANG_WARN_EMPTY_BODY = YES;
				CLANG_WARN_ENUM_CONVERSION = YES;
				CLANG_WARN_INFINITE_RECURSION = YES;
				CLANG_WARN_INT_CONVERSION = YES;
				CLANG_WARN_NON_LITERAL_NULL_CONVERSION = YES;
				CLANG_WARN_OBJC_LITERAL_CONVERSION = YES;
				CLANG_WARN_OBJC_ROOT_CLASS = YES_ERROR;
				CLANG_WARN_RANGE_LOOP_ANALYSIS = YES;
				CLANG_WARN_STRICT_PROTOTYPES = YES;
				CLANG_WARN_SUSPICIOUS_MOVE = YES;
				CLANG_WARN_UNGUARDED_AVAILABILITY = YES_AGGRESSIVE;
				CLANG_WARN_UNREACHABLE_CODE = YES;
				CLANG_WARN__DUPLICATE_METHOD_MATCH = YES;
				CODE_SIGN_IDENTITY = "iPhone Developer";
				COPY_PHASE_STRIP = NO;
				DEBUG_INFORMATION_FORMAT = dwarf;
				ENABLE_STRICT_OBJC_MSGSEND = YES;
				ENABLE_TESTABILITY = YES;
				GCC_C_LANGUAGE_STANDARD = gnu11;
				GCC_DYNAMIC_NO_PIC = NO;
				GCC_NO_COMMON_BLOCKS = YES;
				GCC_OPTIMIZATION_LEVEL = 0;
				GCC_PREPROCESSOR_DEFINITIONS = (
					"DEBUG=1",
					"$(inherited)",
				);
				GCC_WARN_64_TO_32_BIT_CONVERSION = YES;
				GCC_WARN_ABOUT_RETURN_TYPE = YES_ERROR;
				GCC_WARN_UNDECLARED_SELECTOR = YES;
				GCC_WARN_UNINITIALIZED_AUTOS = YES_AGGRESSIVE;
				GCC_WARN_UNUSED_FUNCTION = YES;
				GCC_WARN_UNUSED_VARIABLE = YES;
				IPHONEOS_DEPLOYMENT_TARGET = 11.2;
				MTL_ENABLE_DEBUG_INFO = YES;
				ONLY_ACTIVE_ARCH = YES;
				SDKROOT = iphoneos;
				SWIFT_ACTIVE_COMPILATION_CONDITIONS = DEBUG;
				SWIFT_OPTIMIZATION_LEVEL = "-Onone";
			};
			name = Debug;
		};
		15A0715E1FE2097E003DE1E0 /* Release */ = {
			isa = XCBuildConfiguration;
			buildSettings = {
				ALWAYS_SEARCH_USER_PATHS = NO;
				CLANG_ANALYZER_NONNULL = YES;
				CLANG_ANALYZER_NUMBER_OBJECT_CONVERSION = YES_AGGRESSIVE;
				CLANG_CXX_LANGUAGE_STANDARD = "gnu++14";
				CLANG_CXX_LIBRARY = "libc++";
				CLANG_ENABLE_MODULES = YES;
				CLANG_ENABLE_OBJC_ARC = YES;
				CLANG_WARN_BLOCK_CAPTURE_AUTORELEASING = YES;
				CLANG_WARN_BOOL_CONVERSION = YES;
				CLANG_WARN_COMMA = YES;
				CLANG_WARN_CONSTANT_CONVERSION = YES;
				CLANG_WARN_DIRECT_OBJC_ISA_USAGE = YES_ERROR;
				CLANG_WARN_DOCUMENTATION_COMMENTS = YES;
				CLANG_WARN_EMPTY_BODY = YES;
				CLANG_WARN_ENUM_CONVERSION = YES;
				CLANG_WARN_INFINITE_RECURSION = YES;
				CLANG_WARN_INT_CONVERSION = YES;
				CLANG_WARN_NON_LITERAL_NULL_CONVERSION = YES;
				CLANG_WARN_OBJC_LITERAL_CONVERSION = YES;
				CLANG_WARN_OBJC_ROOT_CLASS = YES_ERROR;
				CLANG_WARN_RANGE_LOOP_ANALYSIS = YES;
				CLANG_WARN_STRICT_PROTOTYPES = YES;
				CLANG_WARN_SUSPICIOUS_MOVE = YES;
				CLANG_WARN_UNGUARDED_AVAILABILITY = YES_AGGRESSIVE;
				CLANG_WARN_UNREACHABLE_CODE = YES;
				CLANG_WARN__DUPLICATE_METHOD_MATCH = YES;
				CODE_SIGN_IDENTITY = "iPhone Developer";
				COPY_PHASE_STRIP = NO;
				DEBUG_INFORMATION_FORMAT = "dwarf-with-dsym";
				ENABLE_NS_ASSERTIONS = NO;
				ENABLE_STRICT_OBJC_MSGSEND = YES;
				GCC_C_LANGUAGE_STANDARD = gnu11;
				GCC_NO_COMMON_BLOCKS = YES;
				GCC_WARN_64_TO_32_BIT_CONVERSION = YES;
				GCC_WARN_ABOUT_RETURN_TYPE = YES_ERROR;
				GCC_WARN_UNDECLARED_SELECTOR = YES;
				GCC_WARN_UNINITIALIZED_AUTOS = YES_AGGRESSIVE;
				GCC_WARN_UNUSED_FUNCTION = YES;
				GCC_WARN_UNUSED_VARIABLE = YES;
				IPHONEOS_DEPLOYMENT_TARGET = 11.2;
				MTL_ENABLE_DEBUG_INFO = NO;
				SDKROOT = iphoneos;
				SWIFT_OPTIMIZATION_LEVEL = "-Owholemodule";
				VALIDATE_PRODUCT = YES;
			};
			name = Release;
		};
		15A071601FE2097E003DE1E0 /* Debug */ = {
			isa = XCBuildConfiguration;
			buildSettings = {
				ASSETCATALOG_COMPILER_APPICON_NAME = AppIcon;
				CODE_SIGN_STYLE = Automatic;
				DEVELOPMENT_TEAM = 85RCG4JCT7;
				INFOPLIST_FILE = YumQuest/Info.plist;
				IPHONEOS_DEPLOYMENT_TARGET = 11.2;
				LD_RUNPATH_SEARCH_PATHS = "$(inherited) @executable_path/Frameworks";
				PRODUCT_BUNDLE_IDENTIFIER = com.AnandBatjargal.YumQuest;
				PRODUCT_NAME = "$(TARGET_NAME)";
				SWIFT_VERSION = 4.0;
				TARGETED_DEVICE_FAMILY = 1;
			};
			name = Debug;
		};
		15A071611FE2097E003DE1E0 /* Release */ = {
			isa = XCBuildConfiguration;
			buildSettings = {
				ASSETCATALOG_COMPILER_APPICON_NAME = AppIcon;
				CODE_SIGN_STYLE = Automatic;
				DEVELOPMENT_TEAM = 85RCG4JCT7;
				INFOPLIST_FILE = YumQuest/Info.plist;
				IPHONEOS_DEPLOYMENT_TARGET = 11.2;
				LD_RUNPATH_SEARCH_PATHS = "$(inherited) @executable_path/Frameworks";
				PRODUCT_BUNDLE_IDENTIFIER = com.AnandBatjargal.YumQuest;
				PRODUCT_NAME = "$(TARGET_NAME)";
				SWIFT_VERSION = 4.0;
				TARGETED_DEVICE_FAMILY = 1;
			};
			name = Release;
		};
		15A071631FE2097E003DE1E0 /* Debug */ = {
			isa = XCBuildConfiguration;
			buildSettings = {
				ALWAYS_EMBED_SWIFT_STANDARD_LIBRARIES = YES;
				BUNDLE_LOADER = "$(TEST_HOST)";
				CODE_SIGN_STYLE = Automatic;
				DEVELOPMENT_TEAM = 85RCG4JCT7;
				INFOPLIST_FILE = YumQuestTests/Info.plist;
				LD_RUNPATH_SEARCH_PATHS = "$(inherited) @executable_path/Frameworks @loader_path/Frameworks";
				PRODUCT_BUNDLE_IDENTIFIER = com.AnandBatjargal.YumQuestTests;
				PRODUCT_NAME = "$(TARGET_NAME)";
				SWIFT_VERSION = 4.0;
				TARGETED_DEVICE_FAMILY = "1,2";
				TEST_HOST = "$(BUILT_PRODUCTS_DIR)/YumQuest.app/YumQuest";
			};
			name = Debug;
		};
		15A071641FE2097E003DE1E0 /* Release */ = {
			isa = XCBuildConfiguration;
			buildSettings = {
				ALWAYS_EMBED_SWIFT_STANDARD_LIBRARIES = YES;
				BUNDLE_LOADER = "$(TEST_HOST)";
				CODE_SIGN_STYLE = Automatic;
				DEVELOPMENT_TEAM = 85RCG4JCT7;
				INFOPLIST_FILE = YumQuestTests/Info.plist;
				LD_RUNPATH_SEARCH_PATHS = "$(inherited) @executable_path/Frameworks @loader_path/Frameworks";
				PRODUCT_BUNDLE_IDENTIFIER = com.AnandBatjargal.YumQuestTests;
				PRODUCT_NAME = "$(TARGET_NAME)";
				SWIFT_VERSION = 4.0;
				TARGETED_DEVICE_FAMILY = "1,2";
				TEST_HOST = "$(BUILT_PRODUCTS_DIR)/YumQuest.app/YumQuest";
			};
			name = Release;
		};
		15A071661FE2097E003DE1E0 /* Debug */ = {
			isa = XCBuildConfiguration;
			buildSettings = {
				ALWAYS_EMBED_SWIFT_STANDARD_LIBRARIES = YES;
				CODE_SIGN_STYLE = Automatic;
				DEVELOPMENT_TEAM = 85RCG4JCT7;
				INFOPLIST_FILE = YumQuestUITests/Info.plist;
				LD_RUNPATH_SEARCH_PATHS = "$(inherited) @executable_path/Frameworks @loader_path/Frameworks";
				PRODUCT_BUNDLE_IDENTIFIER = com.AnandBatjargal.YumQuestUITests;
				PRODUCT_NAME = "$(TARGET_NAME)";
				SWIFT_VERSION = 4.0;
				TARGETED_DEVICE_FAMILY = "1,2";
				TEST_TARGET_NAME = YumQuest;
			};
			name = Debug;
		};
		15A071671FE2097E003DE1E0 /* Release */ = {
			isa = XCBuildConfiguration;
			buildSettings = {
				ALWAYS_EMBED_SWIFT_STANDARD_LIBRARIES = YES;
				CODE_SIGN_STYLE = Automatic;
				DEVELOPMENT_TEAM = 85RCG4JCT7;
				INFOPLIST_FILE = YumQuestUITests/Info.plist;
				LD_RUNPATH_SEARCH_PATHS = "$(inherited) @executable_path/Frameworks @loader_path/Frameworks";
				PRODUCT_BUNDLE_IDENTIFIER = com.AnandBatjargal.YumQuestUITests;
				PRODUCT_NAME = "$(TARGET_NAME)";
				SWIFT_VERSION = 4.0;
				TARGETED_DEVICE_FAMILY = "1,2";
				TEST_TARGET_NAME = YumQuest;
			};
			name = Release;
		};
/* End XCBuildConfiguration section */

/* Begin XCConfigurationList section */
		15A0712F1FE2097E003DE1E0 /* Build configuration list for PBXProject "YumQuest" */ = {
			isa = XCConfigurationList;
			buildConfigurations = (
				15A0715D1FE2097E003DE1E0 /* Debug */,
				15A0715E1FE2097E003DE1E0 /* Release */,
			);
			defaultConfigurationIsVisible = 0;
			defaultConfigurationName = Release;
		};
		15A0715F1FE2097E003DE1E0 /* Build configuration list for PBXNativeTarget "YumQuest" */ = {
			isa = XCConfigurationList;
			buildConfigurations = (
				15A071601FE2097E003DE1E0 /* Debug */,
				15A071611FE2097E003DE1E0 /* Release */,
			);
			defaultConfigurationIsVisible = 0;
			defaultConfigurationName = Release;
		};
		15A071621FE2097E003DE1E0 /* Build configuration list for PBXNativeTarget "YumQuestTests" */ = {
			isa = XCConfigurationList;
			buildConfigurations = (
				15A071631FE2097E003DE1E0 /* Debug */,
				15A071641FE2097E003DE1E0 /* Release */,
			);
			defaultConfigurationIsVisible = 0;
			defaultConfigurationName = Release;
		};
		15A071651FE2097E003DE1E0 /* Build configuration list for PBXNativeTarget "YumQuestUITests" */ = {
			isa = XCConfigurationList;
			buildConfigurations = (
				15A071661FE2097E003DE1E0 /* Debug */,
				15A071671FE2097E003DE1E0 /* Release */,
			);
			defaultConfigurationIsVisible = 0;
			defaultConfigurationName = Release;
		};
/* End XCConfigurationList section */

/* Begin XCVersionGroup section */
		15A0713E1FE2097E003DE1E0 /* YumQuest.xcdatamodeld */ = {
			isa = XCVersionGroup;
			children = (
				15A0713F1FE2097E003DE1E0 /* YumQuest.xcdatamodel */,
			);
			currentVersion = 15A0713F1FE2097E003DE1E0 /* YumQuest.xcdatamodel */;
			path = YumQuest.xcdatamodeld;
			sourceTree = "<group>";
			versionGroupType = wrapper.xcdatamodel;
		};
/* End XCVersionGroup section */
	};
	rootObject = 15A0712C1FE2097E003DE1E0 /* Project object */;
}
