// !$*UTF8*$!
{
	archiveVersion = 1;
	classes = {
	};
	objectVersion = 48;
	objects = {

/* Begin PBXBuildFile section */
		150CE84B20572E71007FE35A /* ReviewTVC.swift in Sources */ = {isa = PBXBuildFile; fileRef = 150CE84A20572E71007FE35A /* ReviewTVC.swift */; };
		151A74E720126FC7008DAECE /* DetailFoodVenue.swift in Sources */ = {isa = PBXBuildFile; fileRef = 151A74E620126FC7008DAECE /* DetailFoodVenue.swift */; };
		1528D2291FED88A500007802 /* VenueInfoTVC.swift in Sources */ = {isa = PBXBuildFile; fileRef = 1528D2281FED88A500007802 /* VenueInfoTVC.swift */; };
		15340D19203D02DB008ADECC /* ItemDetailsVC.swift in Sources */ = {isa = PBXBuildFile; fileRef = 15340D18203D02DB008ADECC /* ItemDetailsVC.swift */; };
		1547A7151FE63A2600FA25E2 /* ProfileVC.swift in Sources */ = {isa = PBXBuildFile; fileRef = 1547A7141FE63A2600FA25E2 /* ProfileVC.swift */; };
		1547A71D1FE663DC00FA25E2 /* NearbyLocationsVC.swift in Sources */ = {isa = PBXBuildFile; fileRef = 1547A71C1FE663DC00FA25E2 /* NearbyLocationsVC.swift */; };
		154A67B6202659A400E1ED6D /* FBUserCache.swift in Sources */ = {isa = PBXBuildFile; fileRef = 154A67B5202659A400E1ED6D /* FBUserCache.swift */; };
		154A67B820268C7300E1ED6D /* menuToggle.png in Resources */ = {isa = PBXBuildFile; fileRef = 154A67B720268C7300E1ED6D /* menuToggle.png */; };
		15576EEA2031054300FE0C24 /* GetNearbyVenues.swift in Sources */ = {isa = PBXBuildFile; fileRef = 15576EE92031054300FE0C24 /* GetNearbyVenues.swift */; };
		157179DB1FE2135C00C5A167 /* logo.png in Resources */ = {isa = PBXBuildFile; fileRef = 157179DA1FE2135C00C5A167 /* logo.png */; };
		157179DE1FE2155700C5A167 /* account.png in Resources */ = {isa = PBXBuildFile; fileRef = 157179DC1FE2155600C5A167 /* account.png */; };
		157179DF1FE2155700C5A167 /* password.png in Resources */ = {isa = PBXBuildFile; fileRef = 157179DD1FE2155600C5A167 /* password.png */; };
		157A56AC201A7F9100F60F4F /* RestaurantDetailsVC.swift in Sources */ = {isa = PBXBuildFile; fileRef = 157A56AB201A7F9100F60F4F /* RestaurantDetailsVC.swift */; };
		157EA0901FE2E2CE00771E22 /* SignUpVC.swift in Sources */ = {isa = PBXBuildFile; fileRef = 157EA08F1FE2E2CE00771E22 /* SignUpVC.swift */; };
		15A071381FE2097E003DE1E0 /* AppDelegate.swift in Sources */ = {isa = PBXBuildFile; fileRef = 15A071371FE2097E003DE1E0 /* AppDelegate.swift */; };
		15A0713A1FE2097E003DE1E0 /* LogInVC.swift in Sources */ = {isa = PBXBuildFile; fileRef = 15A071391FE2097E003DE1E0 /* LogInVC.swift */; };
		15A0713D1FE2097E003DE1E0 /* Main.storyboard in Resources */ = {isa = PBXBuildFile; fileRef = 15A0713B1FE2097E003DE1E0 /* Main.storyboard */; };
		15A071401FE2097E003DE1E0 /* YumQuest.xcdatamodeld in Sources */ = {isa = PBXBuildFile; fileRef = 15A0713E1FE2097E003DE1E0 /* YumQuest.xcdatamodeld */; };
		15A071421FE2097E003DE1E0 /* Assets.xcassets in Resources */ = {isa = PBXBuildFile; fileRef = 15A071411FE2097E003DE1E0 /* Assets.xcassets */; };
		15A071451FE2097E003DE1E0 /* LaunchScreen.storyboard in Resources */ = {isa = PBXBuildFile; fileRef = 15A071431FE2097E003DE1E0 /* LaunchScreen.storyboard */; };
		15A071501FE2097E003DE1E0 /* YumQuestTests.swift in Sources */ = {isa = PBXBuildFile; fileRef = 15A0714F1FE2097E003DE1E0 /* YumQuestTests.swift */; };
		15A0715B1FE2097E003DE1E0 /* YumQuestUITests.swift in Sources */ = {isa = PBXBuildFile; fileRef = 15A0715A1FE2097E003DE1E0 /* YumQuestUITests.swift */; };
		15A287021FE8E0E000176825 /* SearchVenueResponse.swift in Sources */ = {isa = PBXBuildFile; fileRef = 15A287011FE8E0E000176825 /* SearchVenueResponse.swift */; };
		15A287041FE8E13A00176825 /* Menu.swift in Sources */ = {isa = PBXBuildFile; fileRef = 15A287031FE8E13A00176825 /* Menu.swift */; };
		15B7F54220311A5500CE06B0 /* MapVC.swift in Sources */ = {isa = PBXBuildFile; fileRef = 15B7F54120311A5500CE06B0 /* MapVC.swift */; };
		15B7F54420311B2800CE06B0 /* CoreLocation.framework in Frameworks */ = {isa = PBXBuildFile; fileRef = 15B7F54320311B2800CE06B0 /* CoreLocation.framework */; };
		15B7F547203121E800CE06B0 /* VenueLocale.swift in Sources */ = {isa = PBXBuildFile; fileRef = 15B7F546203121E800CE06B0 /* VenueLocale.swift */; };
		15C45ACA2033CB7F00050FED /* filter.png in Resources */ = {isa = PBXBuildFile; fileRef = 15C45AC92033CB7F00050FED /* filter.png */; };
		15C5F17920279AD600E241DB /* restaurant_menu.svg.png in Resources */ = {isa = PBXBuildFile; fileRef = 15C5F17820279AD500E241DB /* restaurant_menu.svg.png */; };
		15C5FE21202FADFF00147FBA /* MenuTableSection.swift in Sources */ = {isa = PBXBuildFile; fileRef = 15C5FE20202FADFF00147FBA /* MenuTableSection.swift */; };
		15C5FE23202FAEAF00147FBA /* ExpandableHeaderView.swift in Sources */ = {isa = PBXBuildFile; fileRef = 15C5FE22202FAEAF00147FBA /* ExpandableHeaderView.swift */; };
		15E387582054696E00E543BE /* ReviewItemVC.swift in Sources */ = {isa = PBXBuildFile; fileRef = 15E387572054696E00E543BE /* ReviewItemVC.swift */; };
		15F18BA3202C0EE7004BBFF7 /* MenuDetailsVC.swift in Sources */ = {isa = PBXBuildFile; fileRef = 15F18BA2202C0EE7004BBFF7 /* MenuDetailsVC.swift */; };
		15F18BA5202C0F73004BBFF7 /* MenuTVC.swift in Sources */ = {isa = PBXBuildFile; fileRef = 15F18BA4202C0F73004BBFF7 /* MenuTVC.swift */; };
		15F1DDB01FE25EB700DFE026 /* GoogleService-Info.plist in Resources */ = {isa = PBXBuildFile; fileRef = 15F1DDAF1FE25EB700DFE026 /* GoogleService-Info.plist */; };
		15F2DB72205DCF7D00CF538A /* RatingControl.swift in Sources */ = {isa = PBXBuildFile; fileRef = 15F2DB71205DCF7D00CF538A /* RatingControl.swift */; };
		15F2DB75205DD5CA00CF538A /* emptyStar.png in Resources */ = {isa = PBXBuildFile; fileRef = 15F2DB73205DD5CA00CF538A /* emptyStar.png */; };
		15F2DB76205DD5CA00CF538A /* filledStar.png in Resources */ = {isa = PBXBuildFile; fileRef = 15F2DB74205DD5CA00CF538A /* filledStar.png */; };
		15F2DB79205DD6A100CF538A /* highlightedStar.png in Resources */ = {isa = PBXBuildFile; fileRef = 15F2DB78205DD6A100CF538A /* highlightedStar.png */; };
		15F2DB7B205E184600CF538A /* defaultPhoto.png in Resources */ = {isa = PBXBuildFile; fileRef = 15F2DB7A205E184500CF538A /* defaultPhoto.png */; };
		70FB0BD1BB3687A9E5981FFE /* Pods_YumQuestTests.framework in Frameworks */ = {isa = PBXBuildFile; fileRef = F823E42B7CF605E5255DA819 /* Pods_YumQuestTests.framework */; };
		9CDCFA25FAC8493A52E451BA /* Pods_YumQuest.framework in Frameworks */ = {isa = PBXBuildFile; fileRef = 86F14FBE178FDA4EB576A44C /* Pods_YumQuest.framework */; };
		FB266FB077685EC9B9003E85 /* Pods_YumQuestUITests.framework in Frameworks */ = {isa = PBXBuildFile; fileRef = EF134FD1EFCAF23BB7290E7F /* Pods_YumQuestUITests.framework */; };
/* End PBXBuildFile section */

/* Begin PBXContainerItemProxy section */
		15A0714C1FE2097E003DE1E0 /* PBXContainerItemProxy */ = {
			isa = PBXContainerItemProxy;
			containerPortal = 15A0712C1FE2097E003DE1E0 /* Project object */;
			proxyType = 1;
			remoteGlobalIDString = 15A071331FE2097E003DE1E0;
			remoteInfo = YumQuest;
		};
		15A071571FE2097E003DE1E0 /* PBXContainerItemProxy */ = {
			isa = PBXContainerItemProxy;
			containerPortal = 15A0712C1FE2097E003DE1E0 /* Project object */;
			proxyType = 1;
			remoteGlobalIDString = 15A071331FE2097E003DE1E0;
			remoteInfo = YumQuest;
		};
/* End PBXContainerItemProxy section */

/* Begin PBXFileReference section */
		150CE84A20572E71007FE35A /* ReviewTVC.swift */ = {isa = PBXFileReference; lastKnownFileType = sourcecode.swift; path = ReviewTVC.swift; sourceTree = "<group>"; };
		151A74E620126FC7008DAECE /* DetailFoodVenue.swift */ = {isa = PBXFileReference; lastKnownFileType = sourcecode.swift; path = DetailFoodVenue.swift; sourceTree = "<group>"; };
		1528D2281FED88A500007802 /* VenueInfoTVC.swift */ = {isa = PBXFileReference; lastKnownFileType = sourcecode.swift; path = VenueInfoTVC.swift; sourceTree = "<group>"; };
		15340D18203D02DB008ADECC /* ItemDetailsVC.swift */ = {isa = PBXFileReference; lastKnownFileType = sourcecode.swift; path = ItemDetailsVC.swift; sourceTree = "<group>"; };
		1547A7141FE63A2600FA25E2 /* ProfileVC.swift */ = {isa = PBXFileReference; lastKnownFileType = sourcecode.swift; path = ProfileVC.swift; sourceTree = "<group>"; };
		1547A71C1FE663DC00FA25E2 /* NearbyLocationsVC.swift */ = {isa = PBXFileReference; lastKnownFileType = sourcecode.swift; path = NearbyLocationsVC.swift; sourceTree = "<group>"; };
		154A67B5202659A400E1ED6D /* FBUserCache.swift */ = {isa = PBXFileReference; lastKnownFileType = sourcecode.swift; path = FBUserCache.swift; sourceTree = "<group>"; };
		154A67B720268C7300E1ED6D /* menuToggle.png */ = {isa = PBXFileReference; lastKnownFileType = image.png; path = menuToggle.png; sourceTree = "<group>"; };
		154E26A3203FB766004B100D /* Bolts.framework */ = {isa = PBXFileReference; explicitFileType = wrapper.framework; path = Bolts.framework; sourceTree = BUILT_PRODUCTS_DIR; };
		15576EE92031054300FE0C24 /* GetNearbyVenues.swift */ = {isa = PBXFileReference; lastKnownFileType = sourcecode.swift; path = GetNearbyVenues.swift; sourceTree = "<group>"; };
		157179DA1FE2135C00C5A167 /* logo.png */ = {isa = PBXFileReference; lastKnownFileType = image.png; path = logo.png; sourceTree = "<group>"; };
		157179DC1FE2155600C5A167 /* account.png */ = {isa = PBXFileReference; lastKnownFileType = image.png; path = account.png; sourceTree = "<group>"; };
		157179DD1FE2155600C5A167 /* password.png */ = {isa = PBXFileReference; lastKnownFileType = image.png; path = password.png; sourceTree = "<group>"; };
		157A56AB201A7F9100F60F4F /* RestaurantDetailsVC.swift */ = {isa = PBXFileReference; lastKnownFileType = sourcecode.swift; path = RestaurantDetailsVC.swift; sourceTree = "<group>"; };
		157B6E6A1FE2461F00C9799F /* YumQuest.entitlements */ = {isa = PBXFileReference; lastKnownFileType = text.plist.entitlements; path = YumQuest.entitlements; sourceTree = "<group>"; };
		157EA08F1FE2E2CE00771E22 /* SignUpVC.swift */ = {isa = PBXFileReference; lastKnownFileType = sourcecode.swift; path = SignUpVC.swift; sourceTree = "<group>"; };
		15A071341FE2097E003DE1E0 /* YumQuest.app */ = {isa = PBXFileReference; explicitFileType = wrapper.application; includeInIndex = 0; path = YumQuest.app; sourceTree = BUILT_PRODUCTS_DIR; };
		15A071371FE2097E003DE1E0 /* AppDelegate.swift */ = {isa = PBXFileReference; lastKnownFileType = sourcecode.swift; path = AppDelegate.swift; sourceTree = "<group>"; };
		15A071391FE2097E003DE1E0 /* LogInVC.swift */ = {isa = PBXFileReference; lastKnownFileType = sourcecode.swift; path = LogInVC.swift; sourceTree = "<group>"; };
		15A0713C1FE2097E003DE1E0 /* Base */ = {isa = PBXFileReference; lastKnownFileType = file.storyboard; name = Base; path = Base.lproj/Main.storyboard; sourceTree = "<group>"; };
		15A0713F1FE2097E003DE1E0 /* YumQuest.xcdatamodel */ = {isa = PBXFileReference; lastKnownFileType = wrapper.xcdatamodel; path = YumQuest.xcdatamodel; sourceTree = "<group>"; };
		15A071411FE2097E003DE1E0 /* Assets.xcassets */ = {isa = PBXFileReference; lastKnownFileType = folder.assetcatalog; path = Assets.xcassets; sourceTree = "<group>"; };
		15A071441FE2097E003DE1E0 /* Base */ = {isa = PBXFileReference; lastKnownFileType = file.storyboard; name = Base; path = Base.lproj/LaunchScreen.storyboard; sourceTree = "<group>"; };
		15A071461FE2097E003DE1E0 /* Info.plist */ = {isa = PBXFileReference; lastKnownFileType = text.plist.xml; path = Info.plist; sourceTree = "<group>"; };
		15A0714B1FE2097E003DE1E0 /* YumQuestTests.xctest */ = {isa = PBXFileReference; explicitFileType = wrapper.cfbundle; includeInIndex = 0; path = YumQuestTests.xctest; sourceTree = BUILT_PRODUCTS_DIR; };
		15A0714F1FE2097E003DE1E0 /* YumQuestTests.swift */ = {isa = PBXFileReference; lastKnownFileType = sourcecode.swift; path = YumQuestTests.swift; sourceTree = "<group>"; };
		15A071511FE2097E003DE1E0 /* Info.plist */ = {isa = PBXFileReference; lastKnownFileType = text.plist.xml; path = Info.plist; sourceTree = "<group>"; };
		15A071561FE2097E003DE1E0 /* YumQuestUITests.xctest */ = {isa = PBXFileReference; explicitFileType = wrapper.cfbundle; includeInIndex = 0; path = YumQuestUITests.xctest; sourceTree = BUILT_PRODUCTS_DIR; };
		15A0715A1FE2097E003DE1E0 /* YumQuestUITests.swift */ = {isa = PBXFileReference; lastKnownFileType = sourcecode.swift; path = YumQuestUITests.swift; sourceTree = "<group>"; };
		15A0715C1FE2097E003DE1E0 /* Info.plist */ = {isa = PBXFileReference; lastKnownFileType = text.plist.xml; path = Info.plist; sourceTree = "<group>"; };
		15A287011FE8E0E000176825 /* SearchVenueResponse.swift */ = {isa = PBXFileReference; lastKnownFileType = sourcecode.swift; path = SearchVenueResponse.swift; sourceTree = "<group>"; };
		15A287031FE8E13A00176825 /* Menu.swift */ = {isa = PBXFileReference; lastKnownFileType = sourcecode.swift; path = Menu.swift; sourceTree = "<group>"; };
		15B7F54120311A5500CE06B0 /* MapVC.swift */ = {isa = PBXFileReference; lastKnownFileType = sourcecode.swift; path = MapVC.swift; sourceTree = "<group>"; };
		15B7F54320311B2800CE06B0 /* CoreLocation.framework */ = {isa = PBXFileReference; lastKnownFileType = wrapper.framework; name = CoreLocation.framework; path = System/Library/Frameworks/CoreLocation.framework; sourceTree = SDKROOT; };
		15B7F546203121E800CE06B0 /* VenueLocale.swift */ = {isa = PBXFileReference; lastKnownFileType = sourcecode.swift; path = VenueLocale.swift; sourceTree = "<group>"; };
		15C45AC92033CB7F00050FED /* filter.png */ = {isa = PBXFileReference; lastKnownFileType = image.png; path = filter.png; sourceTree = "<group>"; };
		15C5F17820279AD500E241DB /* restaurant_menu.svg.png */ = {isa = PBXFileReference; lastKnownFileType = image.png; path = restaurant_menu.svg.png; sourceTree = "<group>"; };
		15C5FE20202FADFF00147FBA /* MenuTableSection.swift */ = {isa = PBXFileReference; lastKnownFileType = sourcecode.swift; path = MenuTableSection.swift; sourceTree = "<group>"; };
		15C5FE22202FAEAF00147FBA /* ExpandableHeaderView.swift */ = {isa = PBXFileReference; lastKnownFileType = sourcecode.swift; path = ExpandableHeaderView.swift; sourceTree = "<group>"; };
		15E387572054696E00E543BE /* ReviewItemVC.swift */ = {isa = PBXFileReference; lastKnownFileType = sourcecode.swift; path = ReviewItemVC.swift; sourceTree = "<group>"; };
		15F18BA2202C0EE7004BBFF7 /* MenuDetailsVC.swift */ = {isa = PBXFileReference; lastKnownFileType = sourcecode.swift; path = MenuDetailsVC.swift; sourceTree = "<group>"; };
		15F18BA4202C0F73004BBFF7 /* MenuTVC.swift */ = {isa = PBXFileReference; lastKnownFileType = sourcecode.swift; path = MenuTVC.swift; sourceTree = "<group>"; };
		15F1DDAF1FE25EB700DFE026 /* GoogleService-Info.plist */ = {isa = PBXFileReference; fileEncoding = 4; lastKnownFileType = text.plist.xml; path = "GoogleService-Info.plist"; sourceTree = "<group>"; };
		15F2DB71205DCF7D00CF538A /* RatingControl.swift */ = {isa = PBXFileReference; lastKnownFileType = sourcecode.swift; path = RatingControl.swift; sourceTree = "<group>"; };
		15F2DB73205DD5CA00CF538A /* emptyStar.png */ = {isa = PBXFileReference; lastKnownFileType = image.png; path = emptyStar.png; sourceTree = "<group>"; };
		15F2DB74205DD5CA00CF538A /* filledStar.png */ = {isa = PBXFileReference; lastKnownFileType = image.png; path = filledStar.png; sourceTree = "<group>"; };
		15F2DB78205DD6A100CF538A /* highlightedStar.png */ = {isa = PBXFileReference; lastKnownFileType = image.png; path = highlightedStar.png; sourceTree = "<group>"; };
		15F2DB7A205E184500CF538A /* defaultPhoto.png */ = {isa = PBXFileReference; lastKnownFileType = image.png; path = defaultPhoto.png; sourceTree = "<group>"; };
		18A746275A2DC86F63972B20 /* Pods-YumQuest.release.xcconfig */ = {isa = PBXFileReference; includeInIndex = 1; lastKnownFileType = text.xcconfig; name = "Pods-YumQuest.release.xcconfig"; path = "Pods/Target Support Files/Pods-YumQuest/Pods-YumQuest.release.xcconfig"; sourceTree = "<group>"; };
		847A42A207877D82A0A568A3 /* Pods-YumQuestUITests.debug.xcconfig */ = {isa = PBXFileReference; includeInIndex = 1; lastKnownFileType = text.xcconfig; name = "Pods-YumQuestUITests.debug.xcconfig"; path = "Pods/Target Support Files/Pods-YumQuestUITests/Pods-YumQuestUITests.debug.xcconfig"; sourceTree = "<group>"; };
		86F14FBE178FDA4EB576A44C /* Pods_YumQuest.framework */ = {isa = PBXFileReference; explicitFileType = wrapper.framework; includeInIndex = 0; path = Pods_YumQuest.framework; sourceTree = BUILT_PRODUCTS_DIR; };
		96DB03A799D3EC1C3552E8CE /* Pods-YumQuestTests.release.xcconfig */ = {isa = PBXFileReference; includeInIndex = 1; lastKnownFileType = text.xcconfig; name = "Pods-YumQuestTests.release.xcconfig"; path = "Pods/Target Support Files/Pods-YumQuestTests/Pods-YumQuestTests.release.xcconfig"; sourceTree = "<group>"; };
		B4B8C9119C0D8AD4AD9B881F /* Pods-YumQuest.debug.xcconfig */ = {isa = PBXFileReference; includeInIndex = 1; lastKnownFileType = text.xcconfig; name = "Pods-YumQuest.debug.xcconfig"; path = "Pods/Target Support Files/Pods-YumQuest/Pods-YumQuest.debug.xcconfig"; sourceTree = "<group>"; };
		E1278DB8505424D0F43AF229 /* Pods-YumQuestUITests.release.xcconfig */ = {isa = PBXFileReference; includeInIndex = 1; lastKnownFileType = text.xcconfig; name = "Pods-YumQuestUITests.release.xcconfig"; path = "Pods/Target Support Files/Pods-YumQuestUITests/Pods-YumQuestUITests.release.xcconfig"; sourceTree = "<group>"; };
		E19DB859B930DBC0018C2753 /* Pods-YumQuestTests.debug.xcconfig */ = {isa = PBXFileReference; includeInIndex = 1; lastKnownFileType = text.xcconfig; name = "Pods-YumQuestTests.debug.xcconfig"; path = "Pods/Target Support Files/Pods-YumQuestTests/Pods-YumQuestTests.debug.xcconfig"; sourceTree = "<group>"; };
		EF134FD1EFCAF23BB7290E7F /* Pods_YumQuestUITests.framework */ = {isa = PBXFileReference; explicitFileType = wrapper.framework; includeInIndex = 0; path = Pods_YumQuestUITests.framework; sourceTree = BUILT_PRODUCTS_DIR; };
		F823E42B7CF605E5255DA819 /* Pods_YumQuestTests.framework */ = {isa = PBXFileReference; explicitFileType = wrapper.framework; includeInIndex = 0; path = Pods_YumQuestTests.framework; sourceTree = BUILT_PRODUCTS_DIR; };
/* End PBXFileReference section */

/* Begin PBXFrameworksBuildPhase section */
		15A071311FE2097E003DE1E0 /* Frameworks */ = {
			isa = PBXFrameworksBuildPhase;
			buildActionMask = 2147483647;
			files = (
				15B7F54420311B2800CE06B0 /* CoreLocation.framework in Frameworks */,
				9CDCFA25FAC8493A52E451BA /* Pods_YumQuest.framework in Frameworks */,
			);
			runOnlyForDeploymentPostprocessing = 0;
		};
		15A071481FE2097E003DE1E0 /* Frameworks */ = {
			isa = PBXFrameworksBuildPhase;
			buildActionMask = 2147483647;
			files = (
				70FB0BD1BB3687A9E5981FFE /* Pods_YumQuestTests.framework in Frameworks */,
			);
			runOnlyForDeploymentPostprocessing = 0;
		};
		15A071531FE2097E003DE1E0 /* Frameworks */ = {
			isa = PBXFrameworksBuildPhase;
			buildActionMask = 2147483647;
			files = (
				FB266FB077685EC9B9003E85 /* Pods_YumQuestUITests.framework in Frameworks */,
			);
			runOnlyForDeploymentPostprocessing = 0;
		};
/* End PBXFrameworksBuildPhase section */

/* Begin PBXGroup section */
		1547A7131FE637A300FA25E2 /* View */ = {
			isa = PBXGroup;
			children = (
				157EA08F1FE2E2CE00771E22 /* SignUpVC.swift */,
				15A071391FE2097E003DE1E0 /* LogInVC.swift */,
				1547A7141FE63A2600FA25E2 /* ProfileVC.swift */,
				1547A71C1FE663DC00FA25E2 /* NearbyLocationsVC.swift */,
				157A56AB201A7F9100F60F4F /* RestaurantDetailsVC.swift */,
				15F18BA2202C0EE7004BBFF7 /* MenuDetailsVC.swift */,
				15B7F54120311A5500CE06B0 /* MapVC.swift */,
				15340D18203D02DB008ADECC /* ItemDetailsVC.swift */,
				15E387572054696E00E543BE /* ReviewItemVC.swift */,
				15F2DB71205DCF7D00CF538A /* RatingControl.swift */,
			);
			path = View;
			sourceTree = "<group>";
		};
		157179D71FE211E800C5A167 /* Pictures */ = {
			isa = PBXGroup;
			children = (
				15F2DB7A205E184500CF538A /* defaultPhoto.png */,
				15F2DB78205DD6A100CF538A /* highlightedStar.png */,
				15F2DB73205DD5CA00CF538A /* emptyStar.png */,
				15F2DB74205DD5CA00CF538A /* filledStar.png */,
				15C45AC92033CB7F00050FED /* filter.png */,
				15C5F17820279AD500E241DB /* restaurant_menu.svg.png */,
				154A67B720268C7300E1ED6D /* menuToggle.png */,
				157179DD1FE2155600C5A167 /* password.png */,
				157179DC1FE2155600C5A167 /* account.png */,
				157179DA1FE2135C00C5A167 /* logo.png */,
			);
			path = Pictures;
			sourceTree = "<group>";
		};
		15A0712B1FE2097E003DE1E0 = {
			isa = PBXGroup;
			children = (
				15A071361FE2097E003DE1E0 /* YumQuest */,
				15A0714E1FE2097E003DE1E0 /* YumQuestTests */,
				15A071591FE2097E003DE1E0 /* YumQuestUITests */,
				15A071351FE2097E003DE1E0 /* Products */,
				D2C38ADB7AFAC809A9495478 /* Frameworks */,
				49BC86E7E51A5A0F0EE8CB48 /* Pods */,
			);
			sourceTree = "<group>";
		};
		15A071351FE2097E003DE1E0 /* Products */ = {
			isa = PBXGroup;
			children = (
				15A071341FE2097E003DE1E0 /* YumQuest.app */,
				15A0714B1FE2097E003DE1E0 /* YumQuestTests.xctest */,
				15A071561FE2097E003DE1E0 /* YumQuestUITests.xctest */,
			);
			name = Products;
			sourceTree = "<group>";
		};
		15A071361FE2097E003DE1E0 /* YumQuest */ = {
			isa = PBXGroup;
			children = (
				15B7F545203121D200CE06B0 /* VenueLocale */,
				15B7F540203116A900CE06B0 /* CollapsibleTableCell */,
				15B7F53F2031167A00CE06B0 /* API Structs */,
				15A286FC1FE8C91D00176825 /* Controller */,
				15A286FB1FE8C91300176825 /* Model */,
				1547A7131FE637A300FA25E2 /* View */,
				157B6E6A1FE2461F00C9799F /* YumQuest.entitlements */,
				157179D71FE211E800C5A167 /* Pictures */,
				15A071371FE2097E003DE1E0 /* AppDelegate.swift */,
				15A0713B1FE2097E003DE1E0 /* Main.storyboard */,
				15A071411FE2097E003DE1E0 /* Assets.xcassets */,
				15A071431FE2097E003DE1E0 /* LaunchScreen.storyboard */,
				15A071461FE2097E003DE1E0 /* Info.plist */,
				15F1DDAF1FE25EB700DFE026 /* GoogleService-Info.plist */,
				15A0713E1FE2097E003DE1E0 /* YumQuest.xcdatamodeld */,
			);
			path = YumQuest;
			sourceTree = "<group>";
		};
		15A0714E1FE2097E003DE1E0 /* YumQuestTests */ = {
			isa = PBXGroup;
			children = (
				15A0714F1FE2097E003DE1E0 /* YumQuestTests.swift */,
				15A071511FE2097E003DE1E0 /* Info.plist */,
			);
			path = YumQuestTests;
			sourceTree = "<group>";
		};
		15A071591FE2097E003DE1E0 /* YumQuestUITests */ = {
			isa = PBXGroup;
			children = (
				15A0715A1FE2097E003DE1E0 /* YumQuestUITests.swift */,
				15A0715C1FE2097E003DE1E0 /* Info.plist */,
			);
			path = YumQuestUITests;
			sourceTree = "<group>";
		};
		15A286FB1FE8C91300176825 /* Model */ = {
			isa = PBXGroup;
			children = (
				154A67B5202659A400E1ED6D /* FBUserCache.swift */,
				15576EE92031054300FE0C24 /* GetNearbyVenues.swift */,
			);
			path = Model;
			sourceTree = "<group>";
		};
		15A286FC1FE8C91D00176825 /* Controller */ = {
			isa = PBXGroup;
			children = (
				1528D2281FED88A500007802 /* VenueInfoTVC.swift */,
				15F18BA4202C0F73004BBFF7 /* MenuTVC.swift */,
				150CE84A20572E71007FE35A /* ReviewTVC.swift */,
			);
			path = Controller;
			sourceTree = "<group>";
		};
		15B7F53F2031167A00CE06B0 /* API Structs */ = {
			isa = PBXGroup;
			children = (
				15A287011FE8E0E000176825 /* SearchVenueResponse.swift */,
				15A287031FE8E13A00176825 /* Menu.swift */,
				151A74E620126FC7008DAECE /* DetailFoodVenue.swift */,
			);
			path = "API Structs";
			sourceTree = "<group>";
		};
		15B7F540203116A900CE06B0 /* CollapsibleTableCell */ = {
			isa = PBXGroup;
			children = (
				15C5FE22202FAEAF00147FBA /* ExpandableHeaderView.swift */,
				15C5FE20202FADFF00147FBA /* MenuTableSection.swift */,
			);
			path = CollapsibleTableCell;
			sourceTree = "<group>";
		};
		15B7F545203121D200CE06B0 /* VenueLocale */ = {
			isa = PBXGroup;
			children = (
				15B7F546203121E800CE06B0 /* VenueLocale.swift */,
			);
			path = VenueLocale;
			sourceTree = "<group>";
		};
		49BC86E7E51A5A0F0EE8CB48 /* Pods */ = {
			isa = PBXGroup;
			children = (
				B4B8C9119C0D8AD4AD9B881F /* Pods-YumQuest.debug.xcconfig */,
				18A746275A2DC86F63972B20 /* Pods-YumQuest.release.xcconfig */,
				E19DB859B930DBC0018C2753 /* Pods-YumQuestTests.debug.xcconfig */,
				96DB03A799D3EC1C3552E8CE /* Pods-YumQuestTests.release.xcconfig */,
				847A42A207877D82A0A568A3 /* Pods-YumQuestUITests.debug.xcconfig */,
				E1278DB8505424D0F43AF229 /* Pods-YumQuestUITests.release.xcconfig */,
			);
			name = Pods;
			sourceTree = "<group>";
		};
		D2C38ADB7AFAC809A9495478 /* Frameworks */ = {
			isa = PBXGroup;
			children = (
				154E26A3203FB766004B100D /* Bolts.framework */,
				15B7F54320311B2800CE06B0 /* CoreLocation.framework */,
				86F14FBE178FDA4EB576A44C /* Pods_YumQuest.framework */,
				F823E42B7CF605E5255DA819 /* Pods_YumQuestTests.framework */,
				EF134FD1EFCAF23BB7290E7F /* Pods_YumQuestUITests.framework */,
			);
			name = Frameworks;
			sourceTree = "<group>";
		};
/* End PBXGroup section */

/* Begin PBXNativeTarget section */
		15A071331FE2097E003DE1E0 /* YumQuest */ = {
			isa = PBXNativeTarget;
			buildConfigurationList = 15A0715F1FE2097E003DE1E0 /* Build configuration list for PBXNativeTarget "YumQuest" */;
			buildPhases = (
				26D5162EDEF6A80FEB82E4FE /* [CP] Check Pods Manifest.lock */,
				15A071301FE2097E003DE1E0 /* Sources */,
				15A071311FE2097E003DE1E0 /* Frameworks */,
				15A071321FE2097E003DE1E0 /* Resources */,
				884293DB3CA7738AF2B2CBB3 /* [CP] Embed Pods Frameworks */,
				7E12A5ECAEECDCF105E5C999 /* [CP] Copy Pods Resources */,
			);
			buildRules = (
			);
			dependencies = (
			);
			name = YumQuest;
			productName = YumQuest;
			productReference = 15A071341FE2097E003DE1E0 /* YumQuest.app */;
			productType = "com.apple.product-type.application";
		};
		15A0714A1FE2097E003DE1E0 /* YumQuestTests */ = {
			isa = PBXNativeTarget;
			buildConfigurationList = 15A071621FE2097E003DE1E0 /* Build configuration list for PBXNativeTarget "YumQuestTests" */;
			buildPhases = (
				40D4D4A453F4BEF30FEEF81C /* [CP] Check Pods Manifest.lock */,
				15A071471FE2097E003DE1E0 /* Sources */,
				15A071481FE2097E003DE1E0 /* Frameworks */,
				15A071491FE2097E003DE1E0 /* Resources */,
				03CA9753484370E1FC47253F /* [CP] Embed Pods Frameworks */,
				F7A1295C81010B75756CD993 /* [CP] Copy Pods Resources */,
			);
			buildRules = (
			);
			dependencies = (
				15A0714D1FE2097E003DE1E0 /* PBXTargetDependency */,
			);
			name = YumQuestTests;
			productName = YumQuestTests;
			productReference = 15A0714B1FE2097E003DE1E0 /* YumQuestTests.xctest */;
			productType = "com.apple.product-type.bundle.unit-test";
		};
		15A071551FE2097E003DE1E0 /* YumQuestUITests */ = {
			isa = PBXNativeTarget;
			buildConfigurationList = 15A071651FE2097E003DE1E0 /* Build configuration list for PBXNativeTarget "YumQuestUITests" */;
			buildPhases = (
				489694BE0274879F0B975765 /* [CP] Check Pods Manifest.lock */,
				15A071521FE2097E003DE1E0 /* Sources */,
				15A071531FE2097E003DE1E0 /* Frameworks */,
				15A071541FE2097E003DE1E0 /* Resources */,
				952FB501AABD1EA9A7096C2E /* [CP] Embed Pods Frameworks */,
				D6B1DE855179EA80E6D1E690 /* [CP] Copy Pods Resources */,
			);
			buildRules = (
			);
			dependencies = (
				15A071581FE2097E003DE1E0 /* PBXTargetDependency */,
			);
			name = YumQuestUITests;
			productName = YumQuestUITests;
			productReference = 15A071561FE2097E003DE1E0 /* YumQuestUITests.xctest */;
			productType = "com.apple.product-type.bundle.ui-testing";
		};
/* End PBXNativeTarget section */

/* Begin PBXProject section */
		15A0712C1FE2097E003DE1E0 /* Project object */ = {
			isa = PBXProject;
			attributes = {
				LastSwiftUpdateCheck = 0920;
				LastUpgradeCheck = 0920;
				ORGANIZATIONNAME = AnandBatjargal;
				TargetAttributes = {
					15A071331FE2097E003DE1E0 = {
						CreatedOnToolsVersion = 9.2;
						ProvisioningStyle = Automatic;
						SystemCapabilities = {
							com.apple.Keychain = {
								enabled = 1;
							};
						};
					};
					15A0714A1FE2097E003DE1E0 = {
						CreatedOnToolsVersion = 9.2;
						ProvisioningStyle = Automatic;
						TestTargetID = 15A071331FE2097E003DE1E0;
					};
					15A071551FE2097E003DE1E0 = {
						CreatedOnToolsVersion = 9.2;
						ProvisioningStyle = Automatic;
						TestTargetID = 15A071331FE2097E003DE1E0;
					};
				};
			};
			buildConfigurationList = 15A0712F1FE2097E003DE1E0 /* Build configuration list for PBXProject "YumQuest" */;
			compatibilityVersion = "Xcode 8.0";
			developmentRegion = en;
			hasScannedForEncodings = 0;
			knownRegions = (
				en,
				Base,
			);
			mainGroup = 15A0712B1FE2097E003DE1E0;
			productRefGroup = 15A071351FE2097E003DE1E0 /* Products */;
			projectDirPath = "";
			projectRoot = "";
			targets = (
				15A071331FE2097E003DE1E0 /* YumQuest */,
				15A0714A1FE2097E003DE1E0 /* YumQuestTests */,
				15A071551FE2097E003DE1E0 /* YumQuestUITests */,
			);
		};
/* End PBXProject section */

/* Begin PBXResourcesBuildPhase section */
		15A071321FE2097E003DE1E0 /* Resources */ = {
			isa = PBXResourcesBuildPhase;
			buildActionMask = 2147483647;
			files = (
				154A67B820268C7300E1ED6D /* menuToggle.png in Resources */,
				15F1DDB01FE25EB700DFE026 /* GoogleService-Info.plist in Resources */,
				157179DB1FE2135C00C5A167 /* logo.png in Resources */,
				15F2DB76205DD5CA00CF538A /* filledStar.png in Resources */,
				15F2DB7B205E184600CF538A /* defaultPhoto.png in Resources */,
				15F2DB75205DD5CA00CF538A /* emptyStar.png in Resources */,
				15F2DB79205DD6A100CF538A /* highlightedStar.png in Resources */,
				15A071451FE2097E003DE1E0 /* LaunchScreen.storyboard in Resources */,
				157179DE1FE2155700C5A167 /* account.png in Resources */,
				15C5F17920279AD600E241DB /* restaurant_menu.svg.png in Resources */,
				157179DF1FE2155700C5A167 /* password.png in Resources */,
				15C45ACA2033CB7F00050FED /* filter.png in Resources */,
				15A071421FE2097E003DE1E0 /* Assets.xcassets in Resources */,
				15A0713D1FE2097E003DE1E0 /* Main.storyboard in Resources */,
			);
			runOnlyForDeploymentPostprocessing = 0;
		};
		15A071491FE2097E003DE1E0 /* Resources */ = {
			isa = PBXResourcesBuildPhase;
			buildActionMask = 2147483647;
			files = (
			);
			runOnlyForDeploymentPostprocessing = 0;
		};
		15A071541FE2097E003DE1E0 /* Resources */ = {
			isa = PBXResourcesBuildPhase;
			buildActionMask = 2147483647;
			files = (
			);
			runOnlyForDeploymentPostprocessing = 0;
		};
/* End PBXResourcesBuildPhase section */

/* Begin PBXShellScriptBuildPhase section */
		03CA9753484370E1FC47253F /* [CP] Embed Pods Frameworks */ = {
			isa = PBXShellScriptBuildPhase;
			buildActionMask = 2147483647;
			files = (
			);
			inputPaths = (
			);
			name = "[CP] Embed Pods Frameworks";
			outputPaths = (
			);
			runOnlyForDeploymentPostprocessing = 0;
			shellPath = /bin/sh;
			shellScript = "\"${SRCROOT}/Pods/Target Support Files/Pods-YumQuestTests/Pods-YumQuestTests-frameworks.sh\"\n";
			showEnvVarsInLog = 0;
		};
		26D5162EDEF6A80FEB82E4FE /* [CP] Check Pods Manifest.lock */ = {
			isa = PBXShellScriptBuildPhase;
			buildActionMask = 2147483647;
			files = (
			);
			inputPaths = (
				"${PODS_PODFILE_DIR_PATH}/Podfile.lock",
				"${PODS_ROOT}/Manifest.lock",
			);
			name = "[CP] Check Pods Manifest.lock";
			outputPaths = (
				"$(DERIVED_FILE_DIR)/Pods-YumQuest-checkManifestLockResult.txt",
			);
			runOnlyForDeploymentPostprocessing = 0;
			shellPath = /bin/sh;
			shellScript = "diff \"${PODS_PODFILE_DIR_PATH}/Podfile.lock\" \"${PODS_ROOT}/Manifest.lock\" > /dev/null\nif [ $? != 0 ] ; then\n    # print error to STDERR\n    echo \"error: The sandbox is not in sync with the Podfile.lock. Run 'pod install' or update your CocoaPods installation.\" >&2\n    exit 1\nfi\n# This output is used by Xcode 'outputs' to avoid re-running this script phase.\necho \"SUCCESS\" > \"${SCRIPT_OUTPUT_FILE_0}\"\n";
			showEnvVarsInLog = 0;
		};
		40D4D4A453F4BEF30FEEF81C /* [CP] Check Pods Manifest.lock */ = {
			isa = PBXShellScriptBuildPhase;
			buildActionMask = 2147483647;
			files = (
			);
			inputPaths = (
				"${PODS_PODFILE_DIR_PATH}/Podfile.lock",
				"${PODS_ROOT}/Manifest.lock",
			);
			name = "[CP] Check Pods Manifest.lock";
			outputPaths = (
				"$(DERIVED_FILE_DIR)/Pods-YumQuestTests-checkManifestLockResult.txt",
			);
			runOnlyForDeploymentPostprocessing = 0;
			shellPath = /bin/sh;
			shellScript = "diff \"${PODS_PODFILE_DIR_PATH}/Podfile.lock\" \"${PODS_ROOT}/Manifest.lock\" > /dev/null\nif [ $? != 0 ] ; then\n    # print error to STDERR\n    echo \"error: The sandbox is not in sync with the Podfile.lock. Run 'pod install' or update your CocoaPods installation.\" >&2\n    exit 1\nfi\n# This output is used by Xcode 'outputs' to avoid re-running this script phase.\necho \"SUCCESS\" > \"${SCRIPT_OUTPUT_FILE_0}\"\n";
			showEnvVarsInLog = 0;
		};
		489694BE0274879F0B975765 /* [CP] Check Pods Manifest.lock */ = {
			isa = PBXShellScriptBuildPhase;
			buildActionMask = 2147483647;
			files = (
			);
			inputPaths = (
				"${PODS_PODFILE_DIR_PATH}/Podfile.lock",
				"${PODS_ROOT}/Manifest.lock",
			);
			name = "[CP] Check Pods Manifest.lock";
			outputPaths = (
				"$(DERIVED_FILE_DIR)/Pods-YumQuestUITests-checkManifestLockResult.txt",
			);
			runOnlyForDeploymentPostprocessing = 0;
			shellPath = /bin/sh;
			shellScript = "diff \"${PODS_PODFILE_DIR_PATH}/Podfile.lock\" \"${PODS_ROOT}/Manifest.lock\" > /dev/null\nif [ $? != 0 ] ; then\n    # print error to STDERR\n    echo \"error: The sandbox is not in sync with the Podfile.lock. Run 'pod install' or update your CocoaPods installation.\" >&2\n    exit 1\nfi\n# This output is used by Xcode 'outputs' to avoid re-running this script phase.\necho \"SUCCESS\" > \"${SCRIPT_OUTPUT_FILE_0}\"\n";
			showEnvVarsInLog = 0;
		};
		7E12A5ECAEECDCF105E5C999 /* [CP] Copy Pods Resources */ = {
			isa = PBXShellScriptBuildPhase;
			buildActionMask = 2147483647;
			files = (
			);
			inputPaths = (
			);
			name = "[CP] Copy Pods Resources";
			outputPaths = (
			);
			runOnlyForDeploymentPostprocessing = 0;
			shellPath = /bin/sh;
			shellScript = "\"${SRCROOT}/Pods/Target Support Files/Pods-YumQuest/Pods-YumQuest-resources.sh\"\n";
			showEnvVarsInLog = 0;
		};
		884293DB3CA7738AF2B2CBB3 /* [CP] Embed Pods Frameworks */ = {
			isa = PBXShellScriptBuildPhase;
			buildActionMask = 2147483647;
			files = (
			);
			inputPaths = (
				"${SRCROOT}/Pods/Target Support Files/Pods-YumQuest/Pods-YumQuest-frameworks.sh",
				"${BUILT_PRODUCTS_DIR}/Bolts/Bolts.framework",
				"${BUILT_PRODUCTS_DIR}/FBSDKCoreKit/FBSDKCoreKit.framework",
				"${BUILT_PRODUCTS_DIR}/FBSDKLoginKit/FBSDKLoginKit.framework",
				"${BUILT_PRODUCTS_DIR}/FBSDKShareKit/FBSDKShareKit.framework",
				"${BUILT_PRODUCTS_DIR}/FacebookCore/FacebookCore.framework",
				"${BUILT_PRODUCTS_DIR}/FacebookLogin/FacebookLogin.framework",
				"${BUILT_PRODUCTS_DIR}/FacebookShare/FacebookShare.framework",
				"${BUILT_PRODUCTS_DIR}/GTMSessionFetcher/GTMSessionFetcher.framework",
				"${BUILT_PRODUCTS_DIR}/GoogleToolboxForMac/GoogleToolboxForMac.framework",
				"${BUILT_PRODUCTS_DIR}/leveldb-library/leveldb.framework",
				"${BUILT_PRODUCTS_DIR}/nanopb/nanopb.framework",
			);
			name = "[CP] Embed Pods Frameworks";
			outputPaths = (
				"${TARGET_BUILD_DIR}/${FRAMEWORKS_FOLDER_PATH}/Bolts.framework",
				"${TARGET_BUILD_DIR}/${FRAMEWORKS_FOLDER_PATH}/FBSDKCoreKit.framework",
				"${TARGET_BUILD_DIR}/${FRAMEWORKS_FOLDER_PATH}/FBSDKLoginKit.framework",
				"${TARGET_BUILD_DIR}/${FRAMEWORKS_FOLDER_PATH}/FBSDKShareKit.framework",
				"${TARGET_BUILD_DIR}/${FRAMEWORKS_FOLDER_PATH}/FacebookCore.framework",
				"${TARGET_BUILD_DIR}/${FRAMEWORKS_FOLDER_PATH}/FacebookLogin.framework",
				"${TARGET_BUILD_DIR}/${FRAMEWORKS_FOLDER_PATH}/FacebookShare.framework",
				"${TARGET_BUILD_DIR}/${FRAMEWORKS_FOLDER_PATH}/GTMSessionFetcher.framework",
				"${TARGET_BUILD_DIR}/${FRAMEWORKS_FOLDER_PATH}/GoogleToolboxForMac.framework",
				"${TARGET_BUILD_DIR}/${FRAMEWORKS_FOLDER_PATH}/leveldb.framework",
				"${TARGET_BUILD_DIR}/${FRAMEWORKS_FOLDER_PATH}/nanopb.framework",
			);
			runOnlyForDeploymentPostprocessing = 0;
			shellPath = /bin/sh;
			shellScript = "\"${SRCROOT}/Pods/Target Support Files/Pods-YumQuest/Pods-YumQuest-frameworks.sh\"\n";
			showEnvVarsInLog = 0;
		};
		952FB501AABD1EA9A7096C2E /* [CP] Embed Pods Frameworks */ = {
			isa = PBXShellScriptBuildPhase;
			buildActionMask = 2147483647;
			files = (
			);
			inputPaths = (
			);
			name = "[CP] Embed Pods Frameworks";
			outputPaths = (
			);
			runOnlyForDeploymentPostprocessing = 0;
			shellPath = /bin/sh;
			shellScript = "\"${SRCROOT}/Pods/Target Support Files/Pods-YumQuestUITests/Pods-YumQuestUITests-frameworks.sh\"\n";
			showEnvVarsInLog = 0;
		};
		D6B1DE855179EA80E6D1E690 /* [CP] Copy Pods Resources */ = {
			isa = PBXShellScriptBuildPhase;
			buildActionMask = 2147483647;
			files = (
			);
			inputPaths = (
			);
			name = "[CP] Copy Pods Resources";
			outputPaths = (
			);
			runOnlyForDeploymentPostprocessing = 0;
			shellPath = /bin/sh;
			shellScript = "\"${SRCROOT}/Pods/Target Support Files/Pods-YumQuestUITests/Pods-YumQuestUITests-resources.sh\"\n";
			showEnvVarsInLog = 0;
		};
		F7A1295C81010B75756CD993 /* [CP] Copy Pods Resources */ = {
			isa = PBXShellScriptBuildPhase;
			buildActionMask = 2147483647;
			files = (
			);
			inputPaths = (
			);
			name = "[CP] Copy Pods Resources";
			outputPaths = (
			);
			runOnlyForDeploymentPostprocessing = 0;
			shellPath = /bin/sh;
			shellScript = "\"${SRCROOT}/Pods/Target Support Files/Pods-YumQuestTests/Pods-YumQuestTests-resources.sh\"\n";
			showEnvVarsInLog = 0;
		};
/* End PBXShellScriptBuildPhase section */

/* Begin PBXSourcesBuildPhase section */
		15A071301FE2097E003DE1E0 /* Sources */ = {
			isa = PBXSourcesBuildPhase;
			buildActionMask = 2147483647;
			files = (
				157A56AC201A7F9100F60F4F /* RestaurantDetailsVC.swift in Sources */,
				1547A7151FE63A2600FA25E2 /* ProfileVC.swift in Sources */,
				157EA0901FE2E2CE00771E22 /* SignUpVC.swift in Sources */,
				15F18BA3202C0EE7004BBFF7 /* MenuDetailsVC.swift in Sources */,
				154A67B6202659A400E1ED6D /* FBUserCache.swift in Sources */,
				150CE84B20572E71007FE35A /* ReviewTVC.swift in Sources */,
				15C5FE21202FADFF00147FBA /* MenuTableSection.swift in Sources */,
				151A74E720126FC7008DAECE /* DetailFoodVenue.swift in Sources */,
				15E387582054696E00E543BE /* ReviewItemVC.swift in Sources */,
				15B7F54220311A5500CE06B0 /* MapVC.swift in Sources */,
				15A287041FE8E13A00176825 /* Menu.swift in Sources */,
				15B7F547203121E800CE06B0 /* VenueLocale.swift in Sources */,
				1528D2291FED88A500007802 /* VenueInfoTVC.swift in Sources */,
				15A071401FE2097E003DE1E0 /* YumQuest.xcdatamodeld in Sources */,
				15A0713A1FE2097E003DE1E0 /* LogInVC.swift in Sources */,
				15A287021FE8E0E000176825 /* SearchVenueResponse.swift in Sources */,
				15F2DB72205DCF7D00CF538A /* RatingControl.swift in Sources */,
				1547A71D1FE663DC00FA25E2 /* NearbyLocationsVC.swift in Sources */,
				15C5FE23202FAEAF00147FBA /* ExpandableHeaderView.swift in Sources */,
				15576EEA2031054300FE0C24 /* GetNearbyVenues.swift in Sources */,
				15340D19203D02DB008ADECC /* ItemDetailsVC.swift in Sources */,
				15F18BA5202C0F73004BBFF7 /* MenuTVC.swift in Sources */,
				15A071381FE2097E003DE1E0 /* AppDelegate.swift in Sources */,
			);
			runOnlyForDeploymentPostprocessing = 0;
		};
		15A071471FE2097E003DE1E0 /* Sources */ = {
			isa = PBXSourcesBuildPhase;
			buildActionMask = 2147483647;
			files = (
				15A071501FE2097E003DE1E0 /* YumQuestTests.swift in Sources */,
			);
			runOnlyForDeploymentPostprocessing = 0;
		};
		15A071521FE2097E003DE1E0 /* Sources */ = {
			isa = PBXSourcesBuildPhase;
			buildActionMask = 2147483647;
			files = (
				15A0715B1FE2097E003DE1E0 /* YumQuestUITests.swift in Sources */,
			);
			runOnlyForDeploymentPostprocessing = 0;
		};
/* End PBXSourcesBuildPhase section */

/* Begin PBXTargetDependency section */
		15A0714D1FE2097E003DE1E0 /* PBXTargetDependency */ = {
			isa = PBXTargetDependency;
			target = 15A071331FE2097E003DE1E0 /* YumQuest */;
			targetProxy = 15A0714C1FE2097E003DE1E0 /* PBXContainerItemProxy */;
		};
		15A071581FE2097E003DE1E0 /* PBXTargetDependency */ = {
			isa = PBXTargetDependency;
			target = 15A071331FE2097E003DE1E0 /* YumQuest */;
			targetProxy = 15A071571FE2097E003DE1E0 /* PBXContainerItemProxy */;
		};
/* End PBXTargetDependency section */

/* Begin PBXVariantGroup section */
		15A0713B1FE2097E003DE1E0 /* Main.storyboard */ = {
			isa = PBXVariantGroup;
			children = (
				15A0713C1FE2097E003DE1E0 /* Base */,
			);
			name = Main.storyboard;
			sourceTree = "<group>";
		};
		15A071431FE2097E003DE1E0 /* LaunchScreen.storyboard */ = {
			isa = PBXVariantGroup;
			children = (
				15A071441FE2097E003DE1E0 /* Base */,
			);
			name = LaunchScreen.storyboard;
			sourceTree = "<group>";
		};
/* End PBXVariantGroup section */

/* Begin XCBuildConfiguration section */
		15A0715D1FE2097E003DE1E0 /* Debug */ = {
			isa = XCBuildConfiguration;
			buildSettings = {
				ALWAYS_SEARCH_USER_PATHS = NO;
				CLANG_ANALYZER_NONNULL = YES;
				CLANG_ANALYZER_NUMBER_OBJECT_CONVERSION = YES_AGGRESSIVE;
				CLANG_CXX_LANGUAGE_STANDARD = "gnu++14";
				CLANG_CXX_LIBRARY = "libc++";
				CLANG_ENABLE_MODULES = YES;
				CLANG_ENABLE_OBJC_ARC = YES;
				CLANG_WARN_BLOCK_CAPTURE_AUTORELEASING = YES;
				CLANG_WARN_BOOL_CONVERSION = YES;
				CLANG_WARN_COMMA = YES;
				CLANG_WARN_CONSTANT_CONVERSION = YES;
				CLANG_WARN_DIRECT_OBJC_ISA_USAGE = YES_ERROR;
				CLANG_WARN_DOCUMENTATION_COMMENTS = YES;
				CLANG_WARN_EMPTY_BODY = YES;
				CLANG_WARN_ENUM_CONVERSION = YES;
				CLANG_WARN_INFINITE_RECURSION = YES;
				CLANG_WARN_INT_CONVERSION = YES;
				CLANG_WARN_NON_LITERAL_NULL_CONVERSION = YES;
				CLANG_WARN_OBJC_LITERAL_CONVERSION = YES;
				CLANG_WARN_OBJC_ROOT_CLASS = YES_ERROR;
				CLANG_WARN_RANGE_LOOP_ANALYSIS = YES;
				CLANG_WARN_STRICT_PROTOTYPES = YES;
				CLANG_WARN_SUSPICIOUS_MOVE = YES;
				CLANG_WARN_UNGUARDED_AVAILABILITY = YES_AGGRESSIVE;
				CLANG_WARN_UNREACHABLE_CODE = YES;
				CLANG_WARN__DUPLICATE_METHOD_MATCH = YES;
				CODE_SIGN_IDENTITY = "iPhone Developer";
				COPY_PHASE_STRIP = NO;
				DEBUG_INFORMATION_FORMAT = dwarf;
				ENABLE_STRICT_OBJC_MSGSEND = YES;
				ENABLE_TESTABILITY = YES;
				GCC_C_LANGUAGE_STANDARD = gnu11;
				GCC_DYNAMIC_NO_PIC = NO;
				GCC_NO_COMMON_BLOCKS = YES;
				GCC_OPTIMIZATION_LEVEL = 0;
				GCC_PREPROCESSOR_DEFINITIONS = (
					"DEBUG=1",
					"$(inherited)",
				);
				GCC_WARN_64_TO_32_BIT_CONVERSION = YES;
				GCC_WARN_ABOUT_RETURN_TYPE = YES_ERROR;
				GCC_WARN_UNDECLARED_SELECTOR = YES;
				GCC_WARN_UNINITIALIZED_AUTOS = YES_AGGRESSIVE;
				GCC_WARN_UNUSED_FUNCTION = YES;
				GCC_WARN_UNUSED_VARIABLE = YES;
				IPHONEOS_DEPLOYMENT_TARGET = 11.2;
				MTL_ENABLE_DEBUG_INFO = YES;
				ONLY_ACTIVE_ARCH = YES;
				SDKROOT = iphoneos;
				SWIFT_ACTIVE_COMPILATION_CONDITIONS = DEBUG;
				SWIFT_OPTIMIZATION_LEVEL = "-Onone";
			};
			name = Debug;
		};
		15A0715E1FE2097E003DE1E0 /* Release */ = {
			isa = XCBuildConfiguration;
			buildSettings = {
				ALWAYS_SEARCH_USER_PATHS = NO;
				CLANG_ANALYZER_NONNULL = YES;
				CLANG_ANALYZER_NUMBER_OBJECT_CONVERSION = YES_AGGRESSIVE;
				CLANG_CXX_LANGUAGE_STANDARD = "gnu++14";
				CLANG_CXX_LIBRARY = "libc++";
				CLANG_ENABLE_MODULES = YES;
				CLANG_ENABLE_OBJC_ARC = YES;
				CLANG_WARN_BLOCK_CAPTURE_AUTORELEASING = YES;
				CLANG_WARN_BOOL_CONVERSION = YES;
				CLANG_WARN_COMMA = YES;
				CLANG_WARN_CONSTANT_CONVERSION = YES;
				CLANG_WARN_DIRECT_OBJC_ISA_USAGE = YES_ERROR;
				CLANG_WARN_DOCUMENTATION_COMMENTS = YES;
				CLANG_WARN_EMPTY_BODY = YES;
				CLANG_WARN_ENUM_CONVERSION = YES;
				CLANG_WARN_INFINITE_RECURSION = YES;
				CLANG_WARN_INT_CONVERSION = YES;
				CLANG_WARN_NON_LITERAL_NULL_CONVERSION = YES;
				CLANG_WARN_OBJC_LITERAL_CONVERSION = YES;
				CLANG_WARN_OBJC_ROOT_CLASS = YES_ERROR;
				CLANG_WARN_RANGE_LOOP_ANALYSIS = YES;
				CLANG_WARN_STRICT_PROTOTYPES = YES;
				CLANG_WARN_SUSPICIOUS_MOVE = YES;
				CLANG_WARN_UNGUARDED_AVAILABILITY = YES_AGGRESSIVE;
				CLANG_WARN_UNREACHABLE_CODE = YES;
				CLANG_WARN__DUPLICATE_METHOD_MATCH = YES;
				CODE_SIGN_IDENTITY = "iPhone Developer";
				COPY_PHASE_STRIP = NO;
				DEBUG_INFORMATION_FORMAT = "dwarf-with-dsym";
				ENABLE_NS_ASSERTIONS = NO;
				ENABLE_STRICT_OBJC_MSGSEND = YES;
				GCC_C_LANGUAGE_STANDARD = gnu11;
				GCC_NO_COMMON_BLOCKS = YES;
				GCC_WARN_64_TO_32_BIT_CONVERSION = YES;
				GCC_WARN_ABOUT_RETURN_TYPE = YES_ERROR;
				GCC_WARN_UNDECLARED_SELECTOR = YES;
				GCC_WARN_UNINITIALIZED_AUTOS = YES_AGGRESSIVE;
				GCC_WARN_UNUSED_FUNCTION = YES;
				GCC_WARN_UNUSED_VARIABLE = YES;
				IPHONEOS_DEPLOYMENT_TARGET = 11.2;
				MTL_ENABLE_DEBUG_INFO = NO;
				SDKROOT = iphoneos;
				SWIFT_OPTIMIZATION_LEVEL = "-Owholemodule";
				VALIDATE_PRODUCT = YES;
			};
			name = Release;
		};
		15A071601FE2097E003DE1E0 /* Debug */ = {
			isa = XCBuildConfiguration;
			baseConfigurationReference = B4B8C9119C0D8AD4AD9B881F /* Pods-YumQuest.debug.xcconfig */;
			buildSettings = {
				ASSETCATALOG_COMPILER_APPICON_NAME = AppIcon;
				CODE_SIGN_ENTITLEMENTS = YumQuest/YumQuest.entitlements;
				CODE_SIGN_STYLE = Automatic;
				DEVELOPMENT_TEAM = 85RCG4JCT7;
				INFOPLIST_FILE = YumQuest/Info.plist;
				IPHONEOS_DEPLOYMENT_TARGET = 11.2;
				LD_RUNPATH_SEARCH_PATHS = "$(inherited) @executable_path/Frameworks";
				PRODUCT_BUNDLE_IDENTIFIER = com.AnandBatjargal.YumQuest;
				PRODUCT_NAME = "$(TARGET_NAME)";
				SWIFT_VERSION = 4.0;
				TARGETED_DEVICE_FAMILY = 1;
			};
			name = Debug;
		};
		15A071611FE2097E003DE1E0 /* Release */ = {
			isa = XCBuildConfiguration;
			baseConfigurationReference = 18A746275A2DC86F63972B20 /* Pods-YumQuest.release.xcconfig */;
			buildSettings = {
				ASSETCATALOG_COMPILER_APPICON_NAME = AppIcon;
				CODE_SIGN_ENTITLEMENTS = YumQuest/YumQuest.entitlements;
				CODE_SIGN_STYLE = Automatic;
				DEVELOPMENT_TEAM = 85RCG4JCT7;
				INFOPLIST_FILE = YumQuest/Info.plist;
				IPHONEOS_DEPLOYMENT_TARGET = 11.2;
				LD_RUNPATH_SEARCH_PATHS = "$(inherited) @executable_path/Frameworks";
				PRODUCT_BUNDLE_IDENTIFIER = com.AnandBatjargal.YumQuest;
				PRODUCT_NAME = "$(TARGET_NAME)";
				SWIFT_VERSION = 4.0;
				TARGETED_DEVICE_FAMILY = 1;
			};
			name = Release;
		};
		15A071631FE2097E003DE1E0 /* Debug */ = {
			isa = XCBuildConfiguration;
			baseConfigurationReference = E19DB859B930DBC0018C2753 /* Pods-YumQuestTests.debug.xcconfig */;
			buildSettings = {
				ALWAYS_EMBED_SWIFT_STANDARD_LIBRARIES = YES;
				BUNDLE_LOADER = "$(TEST_HOST)";
				CODE_SIGN_STYLE = Automatic;
				DEVELOPMENT_TEAM = 85RCG4JCT7;
				INFOPLIST_FILE = YumQuestTests/Info.plist;
				LD_RUNPATH_SEARCH_PATHS = "$(inherited) @executable_path/Frameworks @loader_path/Frameworks";
				PRODUCT_BUNDLE_IDENTIFIER = com.AnandBatjargal.YumQuestTests;
				PRODUCT_NAME = "$(TARGET_NAME)";
				SWIFT_VERSION = 4.0;
				TARGETED_DEVICE_FAMILY = "1,2";
				TEST_HOST = "$(BUILT_PRODUCTS_DIR)/YumQuest.app/YumQuest";
			};
			name = Debug;
		};
		15A071641FE2097E003DE1E0 /* Release */ = {
			isa = XCBuildConfiguration;
			baseConfigurationReference = 96DB03A799D3EC1C3552E8CE /* Pods-YumQuestTests.release.xcconfig */;
			buildSettings = {
				ALWAYS_EMBED_SWIFT_STANDARD_LIBRARIES = YES;
				BUNDLE_LOADER = "$(TEST_HOST)";
				CODE_SIGN_STYLE = Automatic;
				DEVELOPMENT_TEAM = 85RCG4JCT7;
				INFOPLIST_FILE = YumQuestTests/Info.plist;
				LD_RUNPATH_SEARCH_PATHS = "$(inherited) @executable_path/Frameworks @loader_path/Frameworks";
				PRODUCT_BUNDLE_IDENTIFIER = com.AnandBatjargal.YumQuestTests;
				PRODUCT_NAME = "$(TARGET_NAME)";
				SWIFT_VERSION = 4.0;
				TARGETED_DEVICE_FAMILY = "1,2";
				TEST_HOST = "$(BUILT_PRODUCTS_DIR)/YumQuest.app/YumQuest";
			};
			name = Release;
		};
		15A071661FE2097E003DE1E0 /* Debug */ = {
			isa = XCBuildConfiguration;
			baseConfigurationReference = 847A42A207877D82A0A568A3 /* Pods-YumQuestUITests.debug.xcconfig */;
			buildSettings = {
				ALWAYS_EMBED_SWIFT_STANDARD_LIBRARIES = YES;
				CODE_SIGN_STYLE = Automatic;
				DEVELOPMENT_TEAM = 85RCG4JCT7;
				INFOPLIST_FILE = YumQuestUITests/Info.plist;
				LD_RUNPATH_SEARCH_PATHS = "$(inherited) @executable_path/Frameworks @loader_path/Frameworks";
				PRODUCT_BUNDLE_IDENTIFIER = com.AnandBatjargal.YumQuestUITests;
				PRODUCT_NAME = "$(TARGET_NAME)";
				SWIFT_VERSION = 4.0;
				TARGETED_DEVICE_FAMILY = "1,2";
				TEST_TARGET_NAME = YumQuest;
			};
			name = Debug;
		};
		15A071671FE2097E003DE1E0 /* Release */ = {
			isa = XCBuildConfiguration;
			baseConfigurationReference = E1278DB8505424D0F43AF229 /* Pods-YumQuestUITests.release.xcconfig */;
			buildSettings = {
				ALWAYS_EMBED_SWIFT_STANDARD_LIBRARIES = YES;
				CODE_SIGN_STYLE = Automatic;
				DEVELOPMENT_TEAM = 85RCG4JCT7;
				INFOPLIST_FILE = YumQuestUITests/Info.plist;
				LD_RUNPATH_SEARCH_PATHS = "$(inherited) @executable_path/Frameworks @loader_path/Frameworks";
				PRODUCT_BUNDLE_IDENTIFIER = com.AnandBatjargal.YumQuestUITests;
				PRODUCT_NAME = "$(TARGET_NAME)";
				SWIFT_VERSION = 4.0;
				TARGETED_DEVICE_FAMILY = "1,2";
				TEST_TARGET_NAME = YumQuest;
			};
			name = Release;
		};
/* End XCBuildConfiguration section */

/* Begin XCConfigurationList section */
		15A0712F1FE2097E003DE1E0 /* Build configuration list for PBXProject "YumQuest" */ = {
			isa = XCConfigurationList;
			buildConfigurations = (
				15A0715D1FE2097E003DE1E0 /* Debug */,
				15A0715E1FE2097E003DE1E0 /* Release */,
			);
			defaultConfigurationIsVisible = 0;
			defaultConfigurationName = Release;
		};
		15A0715F1FE2097E003DE1E0 /* Build configuration list for PBXNativeTarget "YumQuest" */ = {
			isa = XCConfigurationList;
			buildConfigurations = (
				15A071601FE2097E003DE1E0 /* Debug */,
				15A071611FE2097E003DE1E0 /* Release */,
			);
			defaultConfigurationIsVisible = 0;
			defaultConfigurationName = Release;
		};
		15A071621FE2097E003DE1E0 /* Build configuration list for PBXNativeTarget "YumQuestTests" */ = {
			isa = XCConfigurationList;
			buildConfigurations = (
				15A071631FE2097E003DE1E0 /* Debug */,
				15A071641FE2097E003DE1E0 /* Release */,
			);
			defaultConfigurationIsVisible = 0;
			defaultConfigurationName = Release;
		};
		15A071651FE2097E003DE1E0 /* Build configuration list for PBXNativeTarget "YumQuestUITests" */ = {
			isa = XCConfigurationList;
			buildConfigurations = (
				15A071661FE2097E003DE1E0 /* Debug */,
				15A071671FE2097E003DE1E0 /* Release */,
			);
			defaultConfigurationIsVisible = 0;
			defaultConfigurationName = Release;
		};
/* End XCConfigurationList section */

/* Begin XCVersionGroup section */
		15A0713E1FE2097E003DE1E0 /* YumQuest.xcdatamodeld */ = {
			isa = XCVersionGroup;
			children = (
				15A0713F1FE2097E003DE1E0 /* YumQuest.xcdatamodel */,
			);
			currentVersion = 15A0713F1FE2097E003DE1E0 /* YumQuest.xcdatamodel */;
			path = YumQuest.xcdatamodeld;
			sourceTree = "<group>";
			versionGroupType = wrapper.xcdatamodel;
		};
/* End XCVersionGroup section */
	};
	rootObject = 15A0712C1FE2097E003DE1E0 /* Project object */;
}
